// !$*UTF8*$!
{
	archiveVersion = 1;
	classes = {
	};
	objectVersion = 56;
	objects = {

/* Begin PBXBuildFile section */
		9C172E882B7F9CFA005FC710 /* BlockTextures.xcassets in Resources */ = {isa = PBXBuildFile; fileRef = 9C172E872B7F9CFA005FC710 /* BlockTextures.xcassets */; };
		9C172E892B7F9CFA005FC710 /* BlockTextures.xcassets in Resources */ = {isa = PBXBuildFile; fileRef = 9C172E872B7F9CFA005FC710 /* BlockTextures.xcassets */; };
		9C172E8A2B7F9CFA005FC710 /* BlockTextures.xcassets in Resources */ = {isa = PBXBuildFile; fileRef = 9C172E872B7F9CFA005FC710 /* BlockTextures.xcassets */; };
		9C172E8C2B7F9D8B005FC710 /* NBTParser+BlockNames.swift in Sources */ = {isa = PBXBuildFile; fileRef = 9C172E8B2B7F9D8B005FC710 /* NBTParser+BlockNames.swift */; };
		9C172E8D2B7F9D8B005FC710 /* NBTParser+BlockNames.swift in Sources */ = {isa = PBXBuildFile; fileRef = 9C172E8B2B7F9D8B005FC710 /* NBTParser+BlockNames.swift */; };
		9C172E8E2B7F9D8B005FC710 /* NBTParser+BlockNames.swift in Sources */ = {isa = PBXBuildFile; fileRef = 9C172E8B2B7F9D8B005FC710 /* NBTParser+BlockNames.swift */; };
		9C172E952B7FC88C005FC710 /* GrassBlock.swift in Sources */ = {isa = PBXBuildFile; fileRef = 9C172E942B7FC88C005FC710 /* GrassBlock.swift */; };
		9C172E962B7FC88C005FC710 /* GrassBlock.swift in Sources */ = {isa = PBXBuildFile; fileRef = 9C172E942B7FC88C005FC710 /* GrassBlock.swift */; };
		9C172E972B7FC88C005FC710 /* GrassBlock.swift in Sources */ = {isa = PBXBuildFile; fileRef = 9C172E942B7FC88C005FC710 /* GrassBlock.swift */; };
		9C172EA02B7FCA28005FC710 /* WaterBlock.swift in Sources */ = {isa = PBXBuildFile; fileRef = 9C172E992B7FCA28005FC710 /* WaterBlock.swift */; };
		9C172EA12B7FCA28005FC710 /* WaterBlock.swift in Sources */ = {isa = PBXBuildFile; fileRef = 9C172E992B7FCA28005FC710 /* WaterBlock.swift */; };
		9C172EA22B7FCA28005FC710 /* WaterBlock.swift in Sources */ = {isa = PBXBuildFile; fileRef = 9C172E992B7FCA28005FC710 /* WaterBlock.swift */; };
		9C172EA62B7FCA28005FC710 /* ChestBlock.swift in Sources */ = {isa = PBXBuildFile; fileRef = 9C172E9B2B7FCA28005FC710 /* ChestBlock.swift */; };
		9C172EA72B7FCA28005FC710 /* ChestBlock.swift in Sources */ = {isa = PBXBuildFile; fileRef = 9C172E9B2B7FCA28005FC710 /* ChestBlock.swift */; };
		9C172EA82B7FCA28005FC710 /* ChestBlock.swift in Sources */ = {isa = PBXBuildFile; fileRef = 9C172E9B2B7FCA28005FC710 /* ChestBlock.swift */; };
		9C172EAD2B7FD3B9005FC710 /* VirtualController.swift in Sources */ = {isa = PBXBuildFile; fileRef = 9C172EAC2B7FD3B9005FC710 /* VirtualController.swift */; };
		9C172EB12B7FD683005FC710 /* GameViewController+VirtualController.swift in Sources */ = {isa = PBXBuildFile; fileRef = 9C172EB02B7FD683005FC710 /* GameViewController+VirtualController.swift */; };
		9C1C4D932B7ABEE300C1E1C4 /* SceneBlocksHelper.swift in Sources */ = {isa = PBXBuildFile; fileRef = 9C1C4D922B7ABEE300C1E1C4 /* SceneBlocksHelper.swift */; };
		9C1C4D942B7ABEE300C1E1C4 /* SceneBlocksHelper.swift in Sources */ = {isa = PBXBuildFile; fileRef = 9C1C4D922B7ABEE300C1E1C4 /* SceneBlocksHelper.swift */; };
		9C1C4D952B7ABEE300C1E1C4 /* SceneBlocksHelper.swift in Sources */ = {isa = PBXBuildFile; fileRef = 9C1C4D922B7ABEE300C1E1C4 /* SceneBlocksHelper.swift */; };
		9C3298AC2B7E7F6C00A75C29 /* hello_world.nbt in Resources */ = {isa = PBXBuildFile; fileRef = 9C3298AB2B7E7F6C00A75C29 /* hello_world.nbt */; };
		9C3298AE2B7E8C8600A75C29 /* AmosBedrockCowFarmV2.schematic in Resources */ = {isa = PBXBuildFile; fileRef = 9C3298AD2B7E8C8600A75C29 /* AmosBedrockCowFarmV2.schematic */; };
		9C3298B82B7F93B500A75C29 /* VanillaResourcePackAssets.xcassets in Resources */ = {isa = PBXBuildFile; fileRef = 9C3298B72B7F93B500A75C29 /* VanillaResourcePackAssets.xcassets */; };
		9C3298B92B7F93B500A75C29 /* VanillaResourcePackAssets.xcassets in Resources */ = {isa = PBXBuildFile; fileRef = 9C3298B72B7F93B500A75C29 /* VanillaResourcePackAssets.xcassets */; };
		9C3298BA2B7F93B500A75C29 /* VanillaResourcePackAssets.xcassets in Resources */ = {isa = PBXBuildFile; fileRef = 9C3298B72B7F93B500A75C29 /* VanillaResourcePackAssets.xcassets */; };
		9C3298BC2B7F985F00A75C29 /* NBTParser+NBTNodeHelper.swift in Sources */ = {isa = PBXBuildFile; fileRef = 9C3298BB2B7F985F00A75C29 /* NBTParser+NBTNodeHelper.swift */; };
		9C3298BD2B7F985F00A75C29 /* NBTParser+NBTNodeHelper.swift in Sources */ = {isa = PBXBuildFile; fileRef = 9C3298BB2B7F985F00A75C29 /* NBTParser+NBTNodeHelper.swift */; };
		9C3298BE2B7F985F00A75C29 /* NBTParser+NBTNodeHelper.swift in Sources */ = {isa = PBXBuildFile; fileRef = 9C3298BB2B7F985F00A75C29 /* NBTParser+NBTNodeHelper.swift */; };
		9C3298C02B7F98EC00A75C29 /* NBTParser+BlockPlacementHelper.swift in Sources */ = {isa = PBXBuildFile; fileRef = 9C3298BF2B7F98EC00A75C29 /* NBTParser+BlockPlacementHelper.swift */; };
		9C3298C12B7F98EC00A75C29 /* NBTParser+BlockPlacementHelper.swift in Sources */ = {isa = PBXBuildFile; fileRef = 9C3298BF2B7F98EC00A75C29 /* NBTParser+BlockPlacementHelper.swift */; };
		9C3298C22B7F98EC00A75C29 /* NBTParser+BlockPlacementHelper.swift in Sources */ = {isa = PBXBuildFile; fileRef = 9C3298BF2B7F98EC00A75C29 /* NBTParser+BlockPlacementHelper.swift */; };
		9C56FBBB2B9AEF5600BB1351 /* Boulevardier's_Japanese_Chateau.schem in Resources */ = {isa = PBXBuildFile; fileRef = 9C56FBBA2B9AEF5600BB1351 /* Boulevardier's_Japanese_Chateau.schem */; };
		9C56FBBC2B9AEF5600BB1351 /* Boulevardier's_Japanese_Chateau.schem in Resources */ = {isa = PBXBuildFile; fileRef = 9C56FBBA2B9AEF5600BB1351 /* Boulevardier's_Japanese_Chateau.schem */; };
		9C56FBBD2B9AEF5600BB1351 /* Boulevardier's_Japanese_Chateau.schem in Resources */ = {isa = PBXBuildFile; fileRef = 9C56FBBA2B9AEF5600BB1351 /* Boulevardier's_Japanese_Chateau.schem */; };
		9C56FBBF2B9B2D6200BB1351 /* chicken.schem in Resources */ = {isa = PBXBuildFile; fileRef = 9C56FBBE2B9B2D6200BB1351 /* chicken.schem */; };
		9C56FBC12B9B31A100BB1351 /* Modern_House_3.litematic in Resources */ = {isa = PBXBuildFile; fileRef = 9C56FBC02B9B31A000BB1351 /* Modern_House_3.litematic */; };
		9C56FBC22B9B31A100BB1351 /* Modern_House_3.litematic in Resources */ = {isa = PBXBuildFile; fileRef = 9C56FBC02B9B31A000BB1351 /* Modern_House_3.litematic */; };
		9C56FBC32B9B31A100BB1351 /* Modern_House_3.litematic in Resources */ = {isa = PBXBuildFile; fileRef = 9C56FBC02B9B31A000BB1351 /* Modern_House_3.litematic */; };
		9C56FBC52B9B3B7A00BB1351 /* VillageHome.schematic in Resources */ = {isa = PBXBuildFile; fileRef = 9C56FBC42B9B3B7A00BB1351 /* VillageHome.schematic */; };
		9C56FBC62B9B3B7A00BB1351 /* VillageHome.schematic in Resources */ = {isa = PBXBuildFile; fileRef = 9C56FBC42B9B3B7A00BB1351 /* VillageHome.schematic */; };
		9C56FBC72B9B3B7A00BB1351 /* VillageHome.schematic in Resources */ = {isa = PBXBuildFile; fileRef = 9C56FBC42B9B3B7A00BB1351 /* VillageHome.schematic */; };
		9C56FBC92B9B423000BB1351 /* Modern_House_3.schem in Resources */ = {isa = PBXBuildFile; fileRef = 9C56FBC82B9B423000BB1351 /* Modern_House_3.schem */; };
		9C56FBCA2B9B423000BB1351 /* Modern_House_3.schem in Resources */ = {isa = PBXBuildFile; fileRef = 9C56FBC82B9B423000BB1351 /* Modern_House_3.schem */; };
		9C56FBCB2B9B423000BB1351 /* Modern_House_3.schem in Resources */ = {isa = PBXBuildFile; fileRef = 9C56FBC82B9B423000BB1351 /* Modern_House_3.schem */; };
		9C56FBCD2B9B43FF00BB1351 /* MH1.schematic in Resources */ = {isa = PBXBuildFile; fileRef = 9C56FBCC2B9B43FF00BB1351 /* MH1.schematic */; };
		9C56FBD22B9B473C00BB1351 /* Model2.schem in Resources */ = {isa = PBXBuildFile; fileRef = 9C56FBCE2B9B473B00BB1351 /* Model2.schem */; };
		9C56FBD32B9B473C00BB1351 /* Model3.schem in Resources */ = {isa = PBXBuildFile; fileRef = 9C56FBCF2B9B473C00BB1351 /* Model3.schem */; };
		9C56FBD42B9B473C00BB1351 /* Model4.schem in Resources */ = {isa = PBXBuildFile; fileRef = 9C56FBD02B9B473C00BB1351 /* Model4.schem */; };
		9C56FBD52B9B473C00BB1351 /* Model1.schem in Resources */ = {isa = PBXBuildFile; fileRef = 9C56FBD12B9B473C00BB1351 /* Model1.schem */; };
		9C56FBD72B9B4BE500BB1351 /* McDonalds2.schem in Resources */ = {isa = PBXBuildFile; fileRef = 9C56FBD62B9B4BE500BB1351 /* McDonalds2.schem */; };
		9C7483172B75E0CA00FAFD7C /* AppDelegate.swift in Sources */ = {isa = PBXBuildFile; fileRef = 9C7483162B75E0CA00FAFD7C /* AppDelegate.swift */; };
		9C7483192B75E0CA00FAFD7C /* GameViewController.swift in Sources */ = {isa = PBXBuildFile; fileRef = 9C7483182B75E0CA00FAFD7C /* GameViewController.swift */; };
		9C74831C2B75E0CA00FAFD7C /* Main.storyboard in Resources */ = {isa = PBXBuildFile; fileRef = 9C74831A2B75E0CA00FAFD7C /* Main.storyboard */; };
		9C74831F2B75E0CA00FAFD7C /* LaunchScreen.storyboard in Resources */ = {isa = PBXBuildFile; fileRef = 9C74831D2B75E0CA00FAFD7C /* LaunchScreen.storyboard */; };
		9C7483272B75E0CA00FAFD7C /* AppDelegate.swift in Sources */ = {isa = PBXBuildFile; fileRef = 9C7483262B75E0CA00FAFD7C /* AppDelegate.swift */; };
		9C7483292B75E0CA00FAFD7C /* GameViewController.swift in Sources */ = {isa = PBXBuildFile; fileRef = 9C7483282B75E0CA00FAFD7C /* GameViewController.swift */; };
		9C74832C2B75E0CA00FAFD7C /* Main.storyboard in Resources */ = {isa = PBXBuildFile; fileRef = 9C74832A2B75E0CA00FAFD7C /* Main.storyboard */; };
		9C74832F2B75E0CA00FAFD7C /* LaunchScreen.storyboard in Resources */ = {isa = PBXBuildFile; fileRef = 9C74832D2B75E0CA00FAFD7C /* LaunchScreen.storyboard */; };
		9C7483372B75E0CA00FAFD7C /* AppDelegate.swift in Sources */ = {isa = PBXBuildFile; fileRef = 9C7483362B75E0CA00FAFD7C /* AppDelegate.swift */; };
		9C7483392B75E0CA00FAFD7C /* GameViewController.swift in Sources */ = {isa = PBXBuildFile; fileRef = 9C7483382B75E0CA00FAFD7C /* GameViewController.swift */; };
		9C74833C2B75E0CA00FAFD7C /* Main.storyboard in Resources */ = {isa = PBXBuildFile; fileRef = 9C74833A2B75E0CA00FAFD7C /* Main.storyboard */; };
		9C74833E2B75E0CA00FAFD7C /* GameSceneController.swift in Sources */ = {isa = PBXBuildFile; fileRef = 9C74830C2B75E0C700FAFD7C /* GameSceneController.swift */; };
		9C74833F2B75E0CA00FAFD7C /* GameSceneController.swift in Sources */ = {isa = PBXBuildFile; fileRef = 9C74830C2B75E0C700FAFD7C /* GameSceneController.swift */; };
		9C7483402B75E0CA00FAFD7C /* GameSceneController.swift in Sources */ = {isa = PBXBuildFile; fileRef = 9C74830C2B75E0C700FAFD7C /* GameSceneController.swift */; };
		9C7483412B75E0CA00FAFD7C /* Art.scnassets in Resources */ = {isa = PBXBuildFile; fileRef = 9C74830D2B75E0C700FAFD7C /* Art.scnassets */; };
		9C7483422B75E0CA00FAFD7C /* Art.scnassets in Resources */ = {isa = PBXBuildFile; fileRef = 9C74830D2B75E0C700FAFD7C /* Art.scnassets */; };
		9C7483432B75E0CA00FAFD7C /* Art.scnassets in Resources */ = {isa = PBXBuildFile; fileRef = 9C74830D2B75E0C700FAFD7C /* Art.scnassets */; };
		9C7483442B75E0CA00FAFD7C /* Assets.xcassets in Resources */ = {isa = PBXBuildFile; fileRef = 9C74830E2B75E0CA00FAFD7C /* Assets.xcassets */; };
		9C7483452B75E0CA00FAFD7C /* Assets.xcassets in Resources */ = {isa = PBXBuildFile; fileRef = 9C74830E2B75E0CA00FAFD7C /* Assets.xcassets */; };
		9C7483462B75E0CA00FAFD7C /* Assets.xcassets in Resources */ = {isa = PBXBuildFile; fileRef = 9C74830E2B75E0CA00FAFD7C /* Assets.xcassets */; };
		9C946D6D2B826E2400521690 /* test1.schem in Resources */ = {isa = PBXBuildFile; fileRef = 9C946D6C2B826E1D00521690 /* test1.schem */; };
		9C946D6F2B829ABD00521690 /* NodeBlock.swift in Sources */ = {isa = PBXBuildFile; fileRef = 9C946D6E2B829ABD00521690 /* NodeBlock.swift */; };
		9C946D702B829ABD00521690 /* NodeBlock.swift in Sources */ = {isa = PBXBuildFile; fileRef = 9C946D6E2B829ABD00521690 /* NodeBlock.swift */; };
		9C946D712B829ABD00521690 /* NodeBlock.swift in Sources */ = {isa = PBXBuildFile; fileRef = 9C946D6E2B829ABD00521690 /* NodeBlock.swift */; };
		9C946D732B829CFC00521690 /* slabTest_low_to_up.schem in Resources */ = {isa = PBXBuildFile; fileRef = 9C946D722B829CFC00521690 /* slabTest_low_to_up.schem */; };
		9C946D752B829E8D00521690 /* hopper_s_e_n_w_dwn.schem in Resources */ = {isa = PBXBuildFile; fileRef = 9C946D742B829E8D00521690 /* hopper_s_e_n_w_dwn.schem */; };
		9C946D772B829F1600521690 /* sign_s_e_n_w_stand.schem in Resources */ = {isa = PBXBuildFile; fileRef = 9C946D762B829F1600521690 /* sign_s_e_n_w_stand.schem */; };
		9C946D792B829F2400521690 /* stairs_n_w_s_e_upsdwn.schem in Resources */ = {isa = PBXBuildFile; fileRef = 9C946D782B829F2400521690 /* stairs_n_w_s_e_upsdwn.schem */; };
		9C946D812B83A54F00521690 /* StairsBlock.swift in Sources */ = {isa = PBXBuildFile; fileRef = 9C946D802B83A54F00521690 /* StairsBlock.swift */; };
		9C946D832B83A7A100521690 /* GenericBlock.swift in Sources */ = {isa = PBXBuildFile; fileRef = 9C946D822B83A7A100521690 /* GenericBlock.swift */; };
		9C946D842B83A7A400521690 /* GenericBlock.swift in Sources */ = {isa = PBXBuildFile; fileRef = 9C946D822B83A7A100521690 /* GenericBlock.swift */; };
		9C946D852B83A7A400521690 /* GenericBlock.swift in Sources */ = {isa = PBXBuildFile; fileRef = 9C946D822B83A7A100521690 /* GenericBlock.swift */; };
		9C946D872B83A9B600521690 /* SignBlock.swift in Sources */ = {isa = PBXBuildFile; fileRef = 9C946D862B83A9B600521690 /* SignBlock.swift */; };
		9C946D882B83A9B600521690 /* SignBlock.swift in Sources */ = {isa = PBXBuildFile; fileRef = 9C946D862B83A9B600521690 /* SignBlock.swift */; };
		9C946D892B83A9B600521690 /* SignBlock.swift in Sources */ = {isa = PBXBuildFile; fileRef = 9C946D862B83A9B600521690 /* SignBlock.swift */; };
		9C946D8F2B83E6C200521690 /* chest_s_e_n_w_dble.schem in Resources */ = {isa = PBXBuildFile; fileRef = 9C946D8E2B83E6C200521690 /* chest_s_e_n_w_dble.schem */; };
		9C946D902B83E6C200521690 /* chest_s_e_n_w_dble.schem in Resources */ = {isa = PBXBuildFile; fileRef = 9C946D8E2B83E6C200521690 /* chest_s_e_n_w_dble.schem */; };
		9C946D912B83E6C200521690 /* chest_s_e_n_w_dble.schem in Resources */ = {isa = PBXBuildFile; fileRef = 9C946D8E2B83E6C200521690 /* chest_s_e_n_w_dble.schem */; };
		9C946D932B84AF6600521690 /* GameViewController+FileImport.swift in Sources */ = {isa = PBXBuildFile; fileRef = 9C946D922B84AF6600521690 /* GameViewController+FileImport.swift */; };
		9C94BAEB2BA0825A004678DE /* BannerBlock.swift in Sources */ = {isa = PBXBuildFile; fileRef = 9C94BAEA2BA0825A004678DE /* BannerBlock.swift */; };
		9C94BAEC2BA0825A004678DE /* BannerBlock.swift in Sources */ = {isa = PBXBuildFile; fileRef = 9C94BAEA2BA0825A004678DE /* BannerBlock.swift */; };
		9C94BAED2BA0825A004678DE /* BannerBlock.swift in Sources */ = {isa = PBXBuildFile; fileRef = 9C94BAEA2BA0825A004678DE /* BannerBlock.swift */; };
		9C94BAF32BA0AA5E004678DE /* HeadBlock.swift in Sources */ = {isa = PBXBuildFile; fileRef = 9C94BAF22BA0AA5E004678DE /* HeadBlock.swift */; };
		9C94BAF42BA0AA5E004678DE /* HeadBlock.swift in Sources */ = {isa = PBXBuildFile; fileRef = 9C94BAF22BA0AA5E004678DE /* HeadBlock.swift */; };
		9C94BAF52BA0AA5E004678DE /* HeadBlock.swift in Sources */ = {isa = PBXBuildFile; fileRef = 9C94BAF22BA0AA5E004678DE /* HeadBlock.swift */; };
		9C94BAF72BA0B10B004678DE /* PistonBlock.swift in Sources */ = {isa = PBXBuildFile; fileRef = 9C94BAF62BA0B10B004678DE /* PistonBlock.swift */; };
		9C94BAF82BA0B10B004678DE /* PistonBlock.swift in Sources */ = {isa = PBXBuildFile; fileRef = 9C94BAF62BA0B10B004678DE /* PistonBlock.swift */; };
		9C94BAF92BA0B10B004678DE /* PistonBlock.swift in Sources */ = {isa = PBXBuildFile; fileRef = 9C94BAF62BA0B10B004678DE /* PistonBlock.swift */; };
		9C94BAFB2BA0B8A4004678DE /* PistonHeadBlock.swift in Sources */ = {isa = PBXBuildFile; fileRef = 9C94BAFA2BA0B8A4004678DE /* PistonHeadBlock.swift */; };
		9C94BAFC2BA0B8A4004678DE /* PistonHeadBlock.swift in Sources */ = {isa = PBXBuildFile; fileRef = 9C94BAFA2BA0B8A4004678DE /* PistonHeadBlock.swift */; };
		9C94BAFD2BA0B8A4004678DE /* PistonHeadBlock.swift in Sources */ = {isa = PBXBuildFile; fileRef = 9C94BAFA2BA0B8A4004678DE /* PistonHeadBlock.swift */; };
		9C94BAFF2BA0C868004678DE /* TorchBlock.swift in Sources */ = {isa = PBXBuildFile; fileRef = 9C94BAFE2BA0C868004678DE /* TorchBlock.swift */; };
		9C94BB002BA0C868004678DE /* TorchBlock.swift in Sources */ = {isa = PBXBuildFile; fileRef = 9C94BAFE2BA0C868004678DE /* TorchBlock.swift */; };
		9C94BB012BA0C868004678DE /* TorchBlock.swift in Sources */ = {isa = PBXBuildFile; fileRef = 9C94BAFE2BA0C868004678DE /* TorchBlock.swift */; };
		9CA0A2F12B9F0C81008B2078 /* CarpetBlock.swift in Sources */ = {isa = PBXBuildFile; fileRef = 9CA0A2F02B9F0C81008B2078 /* CarpetBlock.swift */; };
		9CA0A2F22B9F0C81008B2078 /* CarpetBlock.swift in Sources */ = {isa = PBXBuildFile; fileRef = 9CA0A2F02B9F0C81008B2078 /* CarpetBlock.swift */; };
		9CA0A2F32B9F0C81008B2078 /* CarpetBlock.swift in Sources */ = {isa = PBXBuildFile; fileRef = 9CA0A2F02B9F0C81008B2078 /* CarpetBlock.swift */; };
		9CA0A2F52B9F16C9008B2078 /* SVNode.swift in Sources */ = {isa = PBXBuildFile; fileRef = 9CA0A2F42B9F16C9008B2078 /* SVNode.swift */; };
		9CA0A2F62B9F16C9008B2078 /* SVNode.swift in Sources */ = {isa = PBXBuildFile; fileRef = 9CA0A2F42B9F16C9008B2078 /* SVNode.swift */; };
		9CA0A2F72B9F16C9008B2078 /* SVNode.swift in Sources */ = {isa = PBXBuildFile; fileRef = 9CA0A2F42B9F16C9008B2078 /* SVNode.swift */; };
		9CA0A2F92B9F1C27008B2078 /* UIColor+Extensions.swift in Sources */ = {isa = PBXBuildFile; fileRef = 9CA0A2F82B9F1C27008B2078 /* UIColor+Extensions.swift */; };
		9CA0A2FA2B9F1C27008B2078 /* UIColor+Extensions.swift in Sources */ = {isa = PBXBuildFile; fileRef = 9CA0A2F82B9F1C27008B2078 /* UIColor+Extensions.swift */; };
		9CA0A2FB2B9F1C27008B2078 /* UIColor+Extensions.swift in Sources */ = {isa = PBXBuildFile; fileRef = 9CA0A2F82B9F1C27008B2078 /* UIColor+Extensions.swift */; };
		9CAA49592BA603A5007739F0 /* NodeBlockAttributes+BlockTypeMapping.swift in Sources */ = {isa = PBXBuildFile; fileRef = 9CAA49582BA603A5007739F0 /* NodeBlockAttributes+BlockTypeMapping.swift */; };
		9CAA495B2BA6041E007739F0 /* NodeBlockAttributes+AttributeMapping.swift in Sources */ = {isa = PBXBuildFile; fileRef = 9CAA495A2BA6041E007739F0 /* NodeBlockAttributes+AttributeMapping.swift */; };
		9CAA495D2BA604B0007739F0 /* NodeBlockAttributes+NameMapping.swift in Sources */ = {isa = PBXBuildFile; fileRef = 9CAA495C2BA604B0007739F0 /* NodeBlockAttributes+NameMapping.swift */; };
		9CAA495E2BA604B0007739F0 /* NodeBlockAttributes+NameMapping.swift in Sources */ = {isa = PBXBuildFile; fileRef = 9CAA495C2BA604B0007739F0 /* NodeBlockAttributes+NameMapping.swift */; };
		9CAA495F2BA604B0007739F0 /* NodeBlockAttributes+NameMapping.swift in Sources */ = {isa = PBXBuildFile; fileRef = 9CAA495C2BA604B0007739F0 /* NodeBlockAttributes+NameMapping.swift */; };
		9CAA49602BA604B4007739F0 /* NodeBlockAttributes+BlockTypeMapping.swift in Sources */ = {isa = PBXBuildFile; fileRef = 9CAA49582BA603A5007739F0 /* NodeBlockAttributes+BlockTypeMapping.swift */; };
		9CAA49612BA604B5007739F0 /* NodeBlockAttributes+BlockTypeMapping.swift in Sources */ = {isa = PBXBuildFile; fileRef = 9CAA49582BA603A5007739F0 /* NodeBlockAttributes+BlockTypeMapping.swift */; };
		9CAA49622BA604B8007739F0 /* NodeBlockAttributes+AttributeMapping.swift in Sources */ = {isa = PBXBuildFile; fileRef = 9CAA495A2BA6041E007739F0 /* NodeBlockAttributes+AttributeMapping.swift */; };
		9CAA49632BA604B9007739F0 /* NodeBlockAttributes+AttributeMapping.swift in Sources */ = {isa = PBXBuildFile; fileRef = 9CAA495A2BA6041E007739F0 /* NodeBlockAttributes+AttributeMapping.swift */; };
		9CAA49642BA604C9007739F0 /* StairsBlock.swift in Sources */ = {isa = PBXBuildFile; fileRef = 9C946D802B83A54F00521690 /* StairsBlock.swift */; };
		9CAA49652BA604CA007739F0 /* StairsBlock.swift in Sources */ = {isa = PBXBuildFile; fileRef = 9C946D802B83A54F00521690 /* StairsBlock.swift */; };
		9CAA49672BA606A7007739F0 /* String+Extensions.swift in Sources */ = {isa = PBXBuildFile; fileRef = 9CAA49662BA606A7007739F0 /* String+Extensions.swift */; };
		9CAA49682BA606A7007739F0 /* String+Extensions.swift in Sources */ = {isa = PBXBuildFile; fileRef = 9CAA49662BA606A7007739F0 /* String+Extensions.swift */; };
		9CAA49692BA606A7007739F0 /* String+Extensions.swift in Sources */ = {isa = PBXBuildFile; fileRef = 9CAA49662BA606A7007739F0 /* String+Extensions.swift */; };
		9CAA496B2BB29E1C007739F0 /* PrivacyInfo.xcprivacy in Resources */ = {isa = PBXBuildFile; fileRef = 9CAA496A2BB29E1C007739F0 /* PrivacyInfo.xcprivacy */; };
		9CAA496C2BB29E1C007739F0 /* PrivacyInfo.xcprivacy in Resources */ = {isa = PBXBuildFile; fileRef = 9CAA496A2BB29E1C007739F0 /* PrivacyInfo.xcprivacy */; };
		9CAA496D2BB29E1C007739F0 /* PrivacyInfo.xcprivacy in Resources */ = {isa = PBXBuildFile; fileRef = 9CAA496A2BB29E1C007739F0 /* PrivacyInfo.xcprivacy */; };
		9CAA496F2BB2A261007739F0 /* HopperBlock.swift in Sources */ = {isa = PBXBuildFile; fileRef = 9CAA496E2BB2A261007739F0 /* HopperBlock.swift */; };
		9CAA49702BB2A261007739F0 /* HopperBlock.swift in Sources */ = {isa = PBXBuildFile; fileRef = 9CAA496E2BB2A261007739F0 /* HopperBlock.swift */; };
		9CAA49712BB2A262007739F0 /* HopperBlock.swift in Sources */ = {isa = PBXBuildFile; fileRef = 9CAA496E2BB2A261007739F0 /* HopperBlock.swift */; };
		9CBA393E2B86E8920005E587 /* futHouse9.schem in Resources */ = {isa = PBXBuildFile; fileRef = 9CBA393D2B86E8920005E587 /* futHouse9.schem */; };
		9CBA393F2B86E8920005E587 /* futHouse9.schem in Resources */ = {isa = PBXBuildFile; fileRef = 9CBA393D2B86E8920005E587 /* futHouse9.schem */; };
		9CBA39402B86E8920005E587 /* futHouse9.schem in Resources */ = {isa = PBXBuildFile; fileRef = 9CBA393D2B86E8920005E587 /* futHouse9.schem */; };
		9CBA39422B8D847E0005E587 /* GlassPaneBlock.swift in Sources */ = {isa = PBXBuildFile; fileRef = 9CBA39412B8D847E0005E587 /* GlassPaneBlock.swift */; };
		9CBA39432B8D847E0005E587 /* GlassPaneBlock.swift in Sources */ = {isa = PBXBuildFile; fileRef = 9CBA39412B8D847E0005E587 /* GlassPaneBlock.swift */; };
		9CBA39442B8D847E0005E587 /* GlassPaneBlock.swift in Sources */ = {isa = PBXBuildFile; fileRef = 9CBA39412B8D847E0005E587 /* GlassPaneBlock.swift */; };
		9CBA39462B8DB04F0005E587 /* SlabBlock.swift in Sources */ = {isa = PBXBuildFile; fileRef = 9CBA39452B8DB04F0005E587 /* SlabBlock.swift */; };
		9CBA39472B8DB04F0005E587 /* SlabBlock.swift in Sources */ = {isa = PBXBuildFile; fileRef = 9CBA39452B8DB04F0005E587 /* SlabBlock.swift */; };
		9CBA39482B8DB04F0005E587 /* SlabBlock.swift in Sources */ = {isa = PBXBuildFile; fileRef = 9CBA39452B8DB04F0005E587 /* SlabBlock.swift */; };
		9CBA394A2B8DD10D0005E587 /* WoodBlock.swift in Sources */ = {isa = PBXBuildFile; fileRef = 9CBA39492B8DD10D0005E587 /* WoodBlock.swift */; };
		9CBA394B2B8DD10D0005E587 /* WoodBlock.swift in Sources */ = {isa = PBXBuildFile; fileRef = 9CBA39492B8DD10D0005E587 /* WoodBlock.swift */; };
		9CBA394C2B8DD10D0005E587 /* WoodBlock.swift in Sources */ = {isa = PBXBuildFile; fileRef = 9CBA39492B8DD10D0005E587 /* WoodBlock.swift */; };
		9CBA394E2B8DD4F50005E587 /* NodeBlockAttributes.swift in Sources */ = {isa = PBXBuildFile; fileRef = 9CBA394D2B8DD4F50005E587 /* NodeBlockAttributes.swift */; };
		9CBA394F2B8DD4F50005E587 /* NodeBlockAttributes.swift in Sources */ = {isa = PBXBuildFile; fileRef = 9CBA394D2B8DD4F50005E587 /* NodeBlockAttributes.swift */; };
		9CBA39502B8DD4F50005E587 /* NodeBlockAttributes.swift in Sources */ = {isa = PBXBuildFile; fileRef = 9CBA394D2B8DD4F50005E587 /* NodeBlockAttributes.swift */; };
		9CBA39522B8DEED70005E587 /* FenceBlock.swift in Sources */ = {isa = PBXBuildFile; fileRef = 9CBA39512B8DEED70005E587 /* FenceBlock.swift */; };
		9CBA39532B8DEED70005E587 /* FenceBlock.swift in Sources */ = {isa = PBXBuildFile; fileRef = 9CBA39512B8DEED70005E587 /* FenceBlock.swift */; };
		9CBA39542B8DEED70005E587 /* FenceBlock.swift in Sources */ = {isa = PBXBuildFile; fileRef = 9CBA39512B8DEED70005E587 /* FenceBlock.swift */; };
		9CBA39562B8E06350005E587 /* LanternBlock.swift in Sources */ = {isa = PBXBuildFile; fileRef = 9CBA39552B8E06350005E587 /* LanternBlock.swift */; };
		9CBA39572B8E06350005E587 /* LanternBlock.swift in Sources */ = {isa = PBXBuildFile; fileRef = 9CBA39552B8E06350005E587 /* LanternBlock.swift */; };
		9CBA39582B8E06350005E587 /* LanternBlock.swift in Sources */ = {isa = PBXBuildFile; fileRef = 9CBA39552B8E06350005E587 /* LanternBlock.swift */; };
		9CBA395E2B8E149B0005E587 /* ChainBlock.swift in Sources */ = {isa = PBXBuildFile; fileRef = 9CBA395D2B8E149B0005E587 /* ChainBlock.swift */; };
		9CBA395F2B8E149B0005E587 /* ChainBlock.swift in Sources */ = {isa = PBXBuildFile; fileRef = 9CBA395D2B8E149B0005E587 /* ChainBlock.swift */; };
		9CBA39602B8E149B0005E587 /* ChainBlock.swift in Sources */ = {isa = PBXBuildFile; fileRef = 9CBA395D2B8E149B0005E587 /* ChainBlock.swift */; };
		9CBA39622B8E198B0005E587 /* RailBlock.swift in Sources */ = {isa = PBXBuildFile; fileRef = 9CBA39612B8E198B0005E587 /* RailBlock.swift */; };
		9CBA39632B8E198B0005E587 /* RailBlock.swift in Sources */ = {isa = PBXBuildFile; fileRef = 9CBA39612B8E198B0005E587 /* RailBlock.swift */; };
		9CBA39642B8E198B0005E587 /* RailBlock.swift in Sources */ = {isa = PBXBuildFile; fileRef = 9CBA39612B8E198B0005E587 /* RailBlock.swift */; };
		9CBA396E2B8E59700005E587 /* redstone_and_doors.schem in Resources */ = {isa = PBXBuildFile; fileRef = 9CBA396D2B8E59700005E587 /* redstone_and_doors.schem */; };
		9CBA396F2B8E59700005E587 /* redstone_and_doors.schem in Resources */ = {isa = PBXBuildFile; fileRef = 9CBA396D2B8E59700005E587 /* redstone_and_doors.schem */; };
		9CBA39702B8E59700005E587 /* redstone_and_doors.schem in Resources */ = {isa = PBXBuildFile; fileRef = 9CBA396D2B8E59700005E587 /* redstone_and_doors.schem */; };
		9CC11CC52B94C979000C2D48 /* Media.xcassets in Resources */ = {isa = PBXBuildFile; fileRef = 9CC11CC42B94C979000C2D48 /* Media.xcassets */; };
		9CC11CC82B94E4BE000C2D48 /* LeverBlock.swift in Sources */ = {isa = PBXBuildFile; fileRef = 9CC11CC72B94E4BE000C2D48 /* LeverBlock.swift */; };
		9CC11CC92B94E4BE000C2D48 /* LeverBlock.swift in Sources */ = {isa = PBXBuildFile; fileRef = 9CC11CC72B94E4BE000C2D48 /* LeverBlock.swift */; };
		9CC11CCA2B94E4BE000C2D48 /* LeverBlock.swift in Sources */ = {isa = PBXBuildFile; fileRef = 9CC11CC72B94E4BE000C2D48 /* LeverBlock.swift */; };
		9CC11CD02B94EEC2000C2D48 /* ButtonBlock.swift in Sources */ = {isa = PBXBuildFile; fileRef = 9CC11CCF2B94EEC2000C2D48 /* ButtonBlock.swift */; };
		9CC11CD12B94EEC2000C2D48 /* ButtonBlock.swift in Sources */ = {isa = PBXBuildFile; fileRef = 9CC11CCF2B94EEC2000C2D48 /* ButtonBlock.swift */; };
		9CC11CD22B94EEC2000C2D48 /* ButtonBlock.swift in Sources */ = {isa = PBXBuildFile; fileRef = 9CC11CCF2B94EEC2000C2D48 /* ButtonBlock.swift */; };
		9CC11CD82B94F3BE000C2D48 /* SCNNode+ApplyAttributes.swift in Sources */ = {isa = PBXBuildFile; fileRef = 9CC11CD72B94F3BE000C2D48 /* SCNNode+ApplyAttributes.swift */; };
		9CC11CD92B94F3BE000C2D48 /* SCNNode+ApplyAttributes.swift in Sources */ = {isa = PBXBuildFile; fileRef = 9CC11CD72B94F3BE000C2D48 /* SCNNode+ApplyAttributes.swift */; };
		9CC11CDA2B94F3BE000C2D48 /* SCNNode+ApplyAttributes.swift in Sources */ = {isa = PBXBuildFile; fileRef = 9CC11CD72B94F3BE000C2D48 /* SCNNode+ApplyAttributes.swift */; };
		9CD32BD62B81CAF400A069EC /* BlocksMenuView.swift in Sources */ = {isa = PBXBuildFile; fileRef = 9CD32BD52B81CAF400A069EC /* BlocksMenuView.swift */; };
		9CD32BD82B81CB6000A069EC /* BlocksMenuView+ViewModel.swift in Sources */ = {isa = PBXBuildFile; fileRef = 9CD32BD72B81CB6000A069EC /* BlocksMenuView+ViewModel.swift */; };
		9CD32BDA2B81CBCA00A069EC /* BlocksData.swift in Sources */ = {isa = PBXBuildFile; fileRef = 9CD32BD92B81CBCA00A069EC /* BlocksData.swift */; };
		9CD32BDB2B81CBCA00A069EC /* BlocksData.swift in Sources */ = {isa = PBXBuildFile; fileRef = 9CD32BD92B81CBCA00A069EC /* BlocksData.swift */; };
		9CD32BDC2B81CBCA00A069EC /* BlocksData.swift in Sources */ = {isa = PBXBuildFile; fileRef = 9CD32BD92B81CBCA00A069EC /* BlocksData.swift */; };
		9CD32BDE2B81E73E00A069EC /* MapLevelsMenuView.swift in Sources */ = {isa = PBXBuildFile; fileRef = 9CD32BDD2B81E73E00A069EC /* MapLevelsMenuView.swift */; };
		9CD32BE02B81E74F00A069EC /* MapLevelsMenuView+ViewModel.swift in Sources */ = {isa = PBXBuildFile; fileRef = 9CD32BDF2B81E74E00A069EC /* MapLevelsMenuView+ViewModel.swift */; };
		9CD32BE22B81F96D00A069EC /* GameViewController+MapLevelsMenuDelegate.swift in Sources */ = {isa = PBXBuildFile; fileRef = 9CD32BE12B81F96D00A069EC /* GameViewController+MapLevelsMenuDelegate.swift */; };
		9CD32BE42B82017700A069EC /* MenuOverlay.swift in Sources */ = {isa = PBXBuildFile; fileRef = 9CD32BE32B82017700A069EC /* MenuOverlay.swift */; };
		9CD32BE62B823AF200A069EC /* GameViewController+MenuOverlayDelegate.swift in Sources */ = {isa = PBXBuildFile; fileRef = 9CD32BE52B823AF100A069EC /* GameViewController+MenuOverlayDelegate.swift */; };
		9CD32BEA2B82408100A069EC /* MenuOverlay.swift in Sources */ = {isa = PBXBuildFile; fileRef = 9CD32BE32B82017700A069EC /* MenuOverlay.swift */; };
		9CD32BEB2B82408100A069EC /* MenuOverlay.swift in Sources */ = {isa = PBXBuildFile; fileRef = 9CD32BE32B82017700A069EC /* MenuOverlay.swift */; };
		9CDDD1432BB35A6100C5C97B /* GameViewController+BlocksMenuViewDelegate.swift in Sources */ = {isa = PBXBuildFile; fileRef = 9CDDD1422BB35A6100C5C97B /* GameViewController+BlocksMenuViewDelegate.swift */; };
		9CE3A96D2B9F5B2600620571 /* WallBlock.swift in Sources */ = {isa = PBXBuildFile; fileRef = 9CE3A96C2B9F5B2600620571 /* WallBlock.swift */; };
		9CE3A96E2B9F5B2600620571 /* WallBlock.swift in Sources */ = {isa = PBXBuildFile; fileRef = 9CE3A96C2B9F5B2600620571 /* WallBlock.swift */; };
		9CE3A96F2B9F5B2600620571 /* WallBlock.swift in Sources */ = {isa = PBXBuildFile; fileRef = 9CE3A96C2B9F5B2600620571 /* WallBlock.swift */; };
		9CE3A9712B9F7D0300620571 /* TrapDoorBlock.swift in Sources */ = {isa = PBXBuildFile; fileRef = 9CE3A9702B9F7D0300620571 /* TrapDoorBlock.swift */; };
		9CE3A9722B9F7D0300620571 /* TrapDoorBlock.swift in Sources */ = {isa = PBXBuildFile; fileRef = 9CE3A9702B9F7D0300620571 /* TrapDoorBlock.swift */; };
		9CE3A9732B9F7D0300620571 /* TrapDoorBlock.swift in Sources */ = {isa = PBXBuildFile; fileRef = 9CE3A9702B9F7D0300620571 /* TrapDoorBlock.swift */; };
		9CE9D0AC2B950E0D008CF426 /* FenceGateBlock.swift in Sources */ = {isa = PBXBuildFile; fileRef = 9CE9D0AB2B950E0D008CF426 /* FenceGateBlock.swift */; };
		9CE9D0AD2B950E0D008CF426 /* FenceGateBlock.swift in Sources */ = {isa = PBXBuildFile; fileRef = 9CE9D0AB2B950E0D008CF426 /* FenceGateBlock.swift */; };
		9CE9D0AE2B950E0D008CF426 /* FenceGateBlock.swift in Sources */ = {isa = PBXBuildFile; fileRef = 9CE9D0AB2B950E0D008CF426 /* FenceGateBlock.swift */; };
		9CE9D0B02B9517AE008CF426 /* RedstoneDustDotBlock.swift in Sources */ = {isa = PBXBuildFile; fileRef = 9CE9D0AF2B9517AE008CF426 /* RedstoneDustDotBlock.swift */; };
		9CE9D0B12B9517AE008CF426 /* RedstoneDustDotBlock.swift in Sources */ = {isa = PBXBuildFile; fileRef = 9CE9D0AF2B9517AE008CF426 /* RedstoneDustDotBlock.swift */; };
		9CE9D0B22B9517AE008CF426 /* RedstoneDustDotBlock.swift in Sources */ = {isa = PBXBuildFile; fileRef = 9CE9D0AF2B9517AE008CF426 /* RedstoneDustDotBlock.swift */; };
		9CE9D0B42B951D9C008CF426 /* DoorBlock.swift in Sources */ = {isa = PBXBuildFile; fileRef = 9CE9D0B32B951D9C008CF426 /* DoorBlock.swift */; };
		9CE9D0B52B951D9C008CF426 /* DoorBlock.swift in Sources */ = {isa = PBXBuildFile; fileRef = 9CE9D0B32B951D9C008CF426 /* DoorBlock.swift */; };
		9CE9D0B62B951D9C008CF426 /* DoorBlock.swift in Sources */ = {isa = PBXBuildFile; fileRef = 9CE9D0B32B951D9C008CF426 /* DoorBlock.swift */; };
		9CE9D0B82B95292C008CF426 /* RepeaterBlock.swift in Sources */ = {isa = PBXBuildFile; fileRef = 9CE9D0B72B95292C008CF426 /* RepeaterBlock.swift */; };
		9CE9D0B92B95292C008CF426 /* RepeaterBlock.swift in Sources */ = {isa = PBXBuildFile; fileRef = 9CE9D0B72B95292C008CF426 /* RepeaterBlock.swift */; };
		9CE9D0BA2B95292C008CF426 /* RepeaterBlock.swift in Sources */ = {isa = PBXBuildFile; fileRef = 9CE9D0B72B95292C008CF426 /* RepeaterBlock.swift */; };
		9CE9D0BC2B952A20008CF426 /* ComparatorBlock.swift in Sources */ = {isa = PBXBuildFile; fileRef = 9CE9D0BB2B952A20008CF426 /* ComparatorBlock.swift */; };
		9CE9D0BD2B952A20008CF426 /* ComparatorBlock.swift in Sources */ = {isa = PBXBuildFile; fileRef = 9CE9D0BB2B952A20008CF426 /* ComparatorBlock.swift */; };
		9CE9D0BE2B952A20008CF426 /* ComparatorBlock.swift in Sources */ = {isa = PBXBuildFile; fileRef = 9CE9D0BB2B952A20008CF426 /* ComparatorBlock.swift */; };
		9CED803C2B7E62FA0033ADBF /* NBTParser.swift in Sources */ = {isa = PBXBuildFile; fileRef = 9CED803B2B7E62FA0033ADBF /* NBTParser.swift */; };
		9CED803D2B7E62FA0033ADBF /* NBTParser.swift in Sources */ = {isa = PBXBuildFile; fileRef = 9CED803B2B7E62FA0033ADBF /* NBTParser.swift */; };
		9CED803E2B7E62FA0033ADBF /* NBTParser.swift in Sources */ = {isa = PBXBuildFile; fileRef = 9CED803B2B7E62FA0033ADBF /* NBTParser.swift */; };
		9CED804A2B7E79390033ADBF /* SwiftNBT in Frameworks */ = {isa = PBXBuildFile; productRef = 9CED80492B7E79390033ADBF /* SwiftNBT */; };
		9CF0E5512BB33E7800DB50E5 /* TallGrassBlock.swift in Sources */ = {isa = PBXBuildFile; fileRef = 9CF0E5502BB33E7700DB50E5 /* TallGrassBlock.swift */; };
		9CF0E5522BB33E7800DB50E5 /* TallGrassBlock.swift in Sources */ = {isa = PBXBuildFile; fileRef = 9CF0E5502BB33E7700DB50E5 /* TallGrassBlock.swift */; };
		9CF0E5532BB33E7800DB50E5 /* TallGrassBlock.swift in Sources */ = {isa = PBXBuildFile; fileRef = 9CF0E5502BB33E7700DB50E5 /* TallGrassBlock.swift */; };
/* End PBXBuildFile section */

/* Begin PBXFileReference section */
		9C172E872B7F9CFA005FC710 /* BlockTextures.xcassets */ = {isa = PBXFileReference; lastKnownFileType = folder.assetcatalog; path = BlockTextures.xcassets; sourceTree = "<group>"; };
		9C172E8B2B7F9D8B005FC710 /* NBTParser+BlockNames.swift */ = {isa = PBXFileReference; lastKnownFileType = sourcecode.swift; path = "NBTParser+BlockNames.swift"; sourceTree = "<group>"; };
		9C172E942B7FC88C005FC710 /* GrassBlock.swift */ = {isa = PBXFileReference; lastKnownFileType = sourcecode.swift; path = GrassBlock.swift; sourceTree = "<group>"; };
		9C172E992B7FCA28005FC710 /* WaterBlock.swift */ = {isa = PBXFileReference; fileEncoding = 4; lastKnownFileType = sourcecode.swift; path = WaterBlock.swift; sourceTree = "<group>"; };
		9C172E9B2B7FCA28005FC710 /* ChestBlock.swift */ = {isa = PBXFileReference; fileEncoding = 4; lastKnownFileType = sourcecode.swift; path = ChestBlock.swift; sourceTree = "<group>"; };
		9C172EAC2B7FD3B9005FC710 /* VirtualController.swift */ = {isa = PBXFileReference; lastKnownFileType = sourcecode.swift; path = VirtualController.swift; sourceTree = "<group>"; };
		9C172EB02B7FD683005FC710 /* GameViewController+VirtualController.swift */ = {isa = PBXFileReference; lastKnownFileType = sourcecode.swift; path = "GameViewController+VirtualController.swift"; sourceTree = "<group>"; };
		9C1C4D922B7ABEE300C1E1C4 /* SceneBlocksHelper.swift */ = {isa = PBXFileReference; lastKnownFileType = sourcecode.swift; path = SceneBlocksHelper.swift; sourceTree = "<group>"; };
		9C3298AB2B7E7F6C00A75C29 /* hello_world.nbt */ = {isa = PBXFileReference; lastKnownFileType = file; path = hello_world.nbt; sourceTree = "<group>"; };
		9C3298AD2B7E8C8600A75C29 /* AmosBedrockCowFarmV2.schematic */ = {isa = PBXFileReference; lastKnownFileType = file; path = AmosBedrockCowFarmV2.schematic; sourceTree = "<group>"; };
		9C3298B72B7F93B500A75C29 /* VanillaResourcePackAssets.xcassets */ = {isa = PBXFileReference; lastKnownFileType = folder.assetcatalog; path = VanillaResourcePackAssets.xcassets; sourceTree = "<group>"; };
		9C3298BB2B7F985F00A75C29 /* NBTParser+NBTNodeHelper.swift */ = {isa = PBXFileReference; lastKnownFileType = sourcecode.swift; path = "NBTParser+NBTNodeHelper.swift"; sourceTree = "<group>"; };
		9C3298BF2B7F98EC00A75C29 /* NBTParser+BlockPlacementHelper.swift */ = {isa = PBXFileReference; lastKnownFileType = sourcecode.swift; path = "NBTParser+BlockPlacementHelper.swift"; sourceTree = "<group>"; };
		9C56FBBA2B9AEF5600BB1351 /* Boulevardier's_Japanese_Chateau.schem */ = {isa = PBXFileReference; lastKnownFileType = file; path = "Boulevardier's_Japanese_Chateau.schem"; sourceTree = "<group>"; };
		9C56FBBE2B9B2D6200BB1351 /* chicken.schem */ = {isa = PBXFileReference; lastKnownFileType = file; path = chicken.schem; sourceTree = "<group>"; };
		9C56FBC02B9B31A000BB1351 /* Modern_House_3.litematic */ = {isa = PBXFileReference; lastKnownFileType = file; path = Modern_House_3.litematic; sourceTree = "<group>"; };
		9C56FBC42B9B3B7A00BB1351 /* VillageHome.schematic */ = {isa = PBXFileReference; lastKnownFileType = file; path = VillageHome.schematic; sourceTree = "<group>"; };
		9C56FBC82B9B423000BB1351 /* Modern_House_3.schem */ = {isa = PBXFileReference; lastKnownFileType = file; path = Modern_House_3.schem; sourceTree = "<group>"; };
		9C56FBCC2B9B43FF00BB1351 /* MH1.schematic */ = {isa = PBXFileReference; lastKnownFileType = file; path = MH1.schematic; sourceTree = "<group>"; };
		9C56FBCE2B9B473B00BB1351 /* Model2.schem */ = {isa = PBXFileReference; lastKnownFileType = file; path = Model2.schem; sourceTree = "<group>"; };
		9C56FBCF2B9B473C00BB1351 /* Model3.schem */ = {isa = PBXFileReference; lastKnownFileType = file; path = Model3.schem; sourceTree = "<group>"; };
		9C56FBD02B9B473C00BB1351 /* Model4.schem */ = {isa = PBXFileReference; lastKnownFileType = file; path = Model4.schem; sourceTree = "<group>"; };
		9C56FBD12B9B473C00BB1351 /* Model1.schem */ = {isa = PBXFileReference; lastKnownFileType = file; path = Model1.schem; sourceTree = "<group>"; };
		9C56FBD62B9B4BE500BB1351 /* McDonalds2.schem */ = {isa = PBXFileReference; lastKnownFileType = file; path = McDonalds2.schem; sourceTree = "<group>"; };
		9C74830C2B75E0C700FAFD7C /* GameSceneController.swift */ = {isa = PBXFileReference; lastKnownFileType = sourcecode.swift; path = GameSceneController.swift; sourceTree = "<group>"; };
		9C74830D2B75E0C700FAFD7C /* Art.scnassets */ = {isa = PBXFileReference; lastKnownFileType = wrapper.scnassets; path = Art.scnassets; sourceTree = "<group>"; };
		9C74830E2B75E0CA00FAFD7C /* Assets.xcassets */ = {isa = PBXFileReference; lastKnownFileType = folder.assetcatalog; path = Assets.xcassets; sourceTree = "<group>"; };
		9C7483132B75E0CA00FAFD7C /* SchematicViewer.app */ = {isa = PBXFileReference; explicitFileType = wrapper.application; includeInIndex = 0; path = SchematicViewer.app; sourceTree = BUILT_PRODUCTS_DIR; };
		9C7483162B75E0CA00FAFD7C /* AppDelegate.swift */ = {isa = PBXFileReference; lastKnownFileType = sourcecode.swift; path = AppDelegate.swift; sourceTree = "<group>"; };
		9C7483182B75E0CA00FAFD7C /* GameViewController.swift */ = {isa = PBXFileReference; lastKnownFileType = sourcecode.swift; path = GameViewController.swift; sourceTree = "<group>"; };
		9C74831B2B75E0CA00FAFD7C /* Base */ = {isa = PBXFileReference; lastKnownFileType = file.storyboard; name = Base; path = Base.lproj/Main.storyboard; sourceTree = "<group>"; };
		9C74831E2B75E0CA00FAFD7C /* Base */ = {isa = PBXFileReference; lastKnownFileType = file.storyboard; name = Base; path = Base.lproj/LaunchScreen.storyboard; sourceTree = "<group>"; };
		9C7483242B75E0CA00FAFD7C /* SchematicViewer.app */ = {isa = PBXFileReference; explicitFileType = wrapper.application; includeInIndex = 0; path = SchematicViewer.app; sourceTree = BUILT_PRODUCTS_DIR; };
		9C7483262B75E0CA00FAFD7C /* AppDelegate.swift */ = {isa = PBXFileReference; lastKnownFileType = sourcecode.swift; path = AppDelegate.swift; sourceTree = "<group>"; };
		9C7483282B75E0CA00FAFD7C /* GameViewController.swift */ = {isa = PBXFileReference; lastKnownFileType = sourcecode.swift; path = GameViewController.swift; sourceTree = "<group>"; };
		9C74832B2B75E0CA00FAFD7C /* Base */ = {isa = PBXFileReference; lastKnownFileType = file.storyboard; name = Base; path = Base.lproj/Main.storyboard; sourceTree = "<group>"; };
		9C74832E2B75E0CA00FAFD7C /* Base */ = {isa = PBXFileReference; lastKnownFileType = file.storyboard; name = Base; path = Base.lproj/LaunchScreen.storyboard; sourceTree = "<group>"; };
		9C7483342B75E0CA00FAFD7C /* SchematicViewer.app */ = {isa = PBXFileReference; explicitFileType = wrapper.application; includeInIndex = 0; path = SchematicViewer.app; sourceTree = BUILT_PRODUCTS_DIR; };
		9C7483362B75E0CA00FAFD7C /* AppDelegate.swift */ = {isa = PBXFileReference; lastKnownFileType = sourcecode.swift; path = AppDelegate.swift; sourceTree = "<group>"; };
		9C7483382B75E0CA00FAFD7C /* GameViewController.swift */ = {isa = PBXFileReference; lastKnownFileType = sourcecode.swift; path = GameViewController.swift; sourceTree = "<group>"; };
		9C74833B2B75E0CA00FAFD7C /* Base */ = {isa = PBXFileReference; lastKnownFileType = file.storyboard; name = Base; path = Base.lproj/Main.storyboard; sourceTree = "<group>"; };
		9C74833D2B75E0CA00FAFD7C /* SchematicViewer_macOS.entitlements */ = {isa = PBXFileReference; lastKnownFileType = text.plist.entitlements; path = SchematicViewer_macOS.entitlements; sourceTree = "<group>"; };
		9C946D6C2B826E1D00521690 /* test1.schem */ = {isa = PBXFileReference; lastKnownFileType = file; path = test1.schem; sourceTree = "<group>"; };
		9C946D6E2B829ABD00521690 /* NodeBlock.swift */ = {isa = PBXFileReference; lastKnownFileType = sourcecode.swift; path = NodeBlock.swift; sourceTree = "<group>"; };
		9C946D722B829CFC00521690 /* slabTest_low_to_up.schem */ = {isa = PBXFileReference; lastKnownFileType = file; path = slabTest_low_to_up.schem; sourceTree = "<group>"; };
		9C946D742B829E8D00521690 /* hopper_s_e_n_w_dwn.schem */ = {isa = PBXFileReference; lastKnownFileType = file; path = hopper_s_e_n_w_dwn.schem; sourceTree = "<group>"; };
		9C946D762B829F1600521690 /* sign_s_e_n_w_stand.schem */ = {isa = PBXFileReference; lastKnownFileType = file; path = sign_s_e_n_w_stand.schem; sourceTree = "<group>"; };
		9C946D782B829F2400521690 /* stairs_n_w_s_e_upsdwn.schem */ = {isa = PBXFileReference; lastKnownFileType = file; path = stairs_n_w_s_e_upsdwn.schem; sourceTree = "<group>"; };
		9C946D802B83A54F00521690 /* StairsBlock.swift */ = {isa = PBXFileReference; lastKnownFileType = sourcecode.swift; path = StairsBlock.swift; sourceTree = "<group>"; };
		9C946D822B83A7A100521690 /* GenericBlock.swift */ = {isa = PBXFileReference; lastKnownFileType = sourcecode.swift; path = GenericBlock.swift; sourceTree = "<group>"; };
		9C946D862B83A9B600521690 /* SignBlock.swift */ = {isa = PBXFileReference; lastKnownFileType = sourcecode.swift; path = SignBlock.swift; sourceTree = "<group>"; };
		9C946D8E2B83E6C200521690 /* chest_s_e_n_w_dble.schem */ = {isa = PBXFileReference; lastKnownFileType = file; path = chest_s_e_n_w_dble.schem; sourceTree = "<group>"; };
		9C946D922B84AF6600521690 /* GameViewController+FileImport.swift */ = {isa = PBXFileReference; lastKnownFileType = sourcecode.swift; path = "GameViewController+FileImport.swift"; sourceTree = "<group>"; };
		9C94BAEA2BA0825A004678DE /* BannerBlock.swift */ = {isa = PBXFileReference; lastKnownFileType = sourcecode.swift; path = BannerBlock.swift; sourceTree = "<group>"; };
		9C94BAF22BA0AA5E004678DE /* HeadBlock.swift */ = {isa = PBXFileReference; lastKnownFileType = sourcecode.swift; path = HeadBlock.swift; sourceTree = "<group>"; };
		9C94BAF62BA0B10B004678DE /* PistonBlock.swift */ = {isa = PBXFileReference; lastKnownFileType = sourcecode.swift; path = PistonBlock.swift; sourceTree = "<group>"; };
		9C94BAFA2BA0B8A4004678DE /* PistonHeadBlock.swift */ = {isa = PBXFileReference; lastKnownFileType = sourcecode.swift; path = PistonHeadBlock.swift; sourceTree = "<group>"; };
		9C94BAFE2BA0C868004678DE /* TorchBlock.swift */ = {isa = PBXFileReference; lastKnownFileType = sourcecode.swift; path = TorchBlock.swift; sourceTree = "<group>"; };
		9CA0A2F02B9F0C81008B2078 /* CarpetBlock.swift */ = {isa = PBXFileReference; lastKnownFileType = sourcecode.swift; path = CarpetBlock.swift; sourceTree = "<group>"; };
		9CA0A2F42B9F16C9008B2078 /* SVNode.swift */ = {isa = PBXFileReference; lastKnownFileType = sourcecode.swift; path = SVNode.swift; sourceTree = "<group>"; };
		9CA0A2F82B9F1C27008B2078 /* UIColor+Extensions.swift */ = {isa = PBXFileReference; lastKnownFileType = sourcecode.swift; path = "UIColor+Extensions.swift"; sourceTree = "<group>"; };
		9CAA49582BA603A5007739F0 /* NodeBlockAttributes+BlockTypeMapping.swift */ = {isa = PBXFileReference; lastKnownFileType = sourcecode.swift; path = "NodeBlockAttributes+BlockTypeMapping.swift"; sourceTree = "<group>"; };
		9CAA495A2BA6041E007739F0 /* NodeBlockAttributes+AttributeMapping.swift */ = {isa = PBXFileReference; lastKnownFileType = sourcecode.swift; path = "NodeBlockAttributes+AttributeMapping.swift"; sourceTree = "<group>"; };
		9CAA495C2BA604B0007739F0 /* NodeBlockAttributes+NameMapping.swift */ = {isa = PBXFileReference; lastKnownFileType = sourcecode.swift; path = "NodeBlockAttributes+NameMapping.swift"; sourceTree = "<group>"; };
		9CAA49662BA606A7007739F0 /* String+Extensions.swift */ = {isa = PBXFileReference; lastKnownFileType = sourcecode.swift; path = "String+Extensions.swift"; sourceTree = "<group>"; };
		9CAA496A2BB29E1C007739F0 /* PrivacyInfo.xcprivacy */ = {isa = PBXFileReference; lastKnownFileType = text.xml; path = PrivacyInfo.xcprivacy; sourceTree = "<group>"; };
		9CAA496E2BB2A261007739F0 /* HopperBlock.swift */ = {isa = PBXFileReference; lastKnownFileType = sourcecode.swift; path = HopperBlock.swift; sourceTree = "<group>"; };
		9CBA393D2B86E8920005E587 /* futHouse9.schem */ = {isa = PBXFileReference; lastKnownFileType = file; path = futHouse9.schem; sourceTree = "<group>"; };
		9CBA39412B8D847E0005E587 /* GlassPaneBlock.swift */ = {isa = PBXFileReference; lastKnownFileType = sourcecode.swift; path = GlassPaneBlock.swift; sourceTree = "<group>"; };
		9CBA39452B8DB04F0005E587 /* SlabBlock.swift */ = {isa = PBXFileReference; lastKnownFileType = sourcecode.swift; path = SlabBlock.swift; sourceTree = "<group>"; };
		9CBA39492B8DD10D0005E587 /* WoodBlock.swift */ = {isa = PBXFileReference; lastKnownFileType = sourcecode.swift; path = WoodBlock.swift; sourceTree = "<group>"; };
		9CBA394D2B8DD4F50005E587 /* NodeBlockAttributes.swift */ = {isa = PBXFileReference; lastKnownFileType = sourcecode.swift; path = NodeBlockAttributes.swift; sourceTree = "<group>"; };
		9CBA39512B8DEED70005E587 /* FenceBlock.swift */ = {isa = PBXFileReference; lastKnownFileType = sourcecode.swift; path = FenceBlock.swift; sourceTree = "<group>"; };
		9CBA39552B8E06350005E587 /* LanternBlock.swift */ = {isa = PBXFileReference; lastKnownFileType = sourcecode.swift; path = LanternBlock.swift; sourceTree = "<group>"; };
		9CBA395D2B8E149B0005E587 /* ChainBlock.swift */ = {isa = PBXFileReference; lastKnownFileType = sourcecode.swift; path = ChainBlock.swift; sourceTree = "<group>"; };
		9CBA39612B8E198B0005E587 /* RailBlock.swift */ = {isa = PBXFileReference; lastKnownFileType = sourcecode.swift; path = RailBlock.swift; sourceTree = "<group>"; };
		9CBA396D2B8E59700005E587 /* redstone_and_doors.schem */ = {isa = PBXFileReference; lastKnownFileType = file; path = redstone_and_doors.schem; sourceTree = "<group>"; };
		9CC11CC42B94C979000C2D48 /* Media.xcassets */ = {isa = PBXFileReference; lastKnownFileType = folder.assetcatalog; path = Media.xcassets; sourceTree = "<group>"; };
		9CC11CC62B94D085000C2D48 /* SchematicViewer-iOS-Info.plist */ = {isa = PBXFileReference; lastKnownFileType = text.plist; path = "SchematicViewer-iOS-Info.plist"; sourceTree = SOURCE_ROOT; };
		9CC11CC72B94E4BE000C2D48 /* LeverBlock.swift */ = {isa = PBXFileReference; lastKnownFileType = sourcecode.swift; path = LeverBlock.swift; sourceTree = "<group>"; };
		9CC11CCF2B94EEC2000C2D48 /* ButtonBlock.swift */ = {isa = PBXFileReference; lastKnownFileType = sourcecode.swift; path = ButtonBlock.swift; sourceTree = "<group>"; };
		9CC11CD72B94F3BE000C2D48 /* SCNNode+ApplyAttributes.swift */ = {isa = PBXFileReference; lastKnownFileType = sourcecode.swift; path = "SCNNode+ApplyAttributes.swift"; sourceTree = "<group>"; };
		9CD32BD52B81CAF400A069EC /* BlocksMenuView.swift */ = {isa = PBXFileReference; lastKnownFileType = sourcecode.swift; path = BlocksMenuView.swift; sourceTree = "<group>"; };
		9CD32BD72B81CB6000A069EC /* BlocksMenuView+ViewModel.swift */ = {isa = PBXFileReference; lastKnownFileType = sourcecode.swift; path = "BlocksMenuView+ViewModel.swift"; sourceTree = "<group>"; };
		9CD32BD92B81CBCA00A069EC /* BlocksData.swift */ = {isa = PBXFileReference; lastKnownFileType = sourcecode.swift; path = BlocksData.swift; sourceTree = "<group>"; };
		9CD32BDD2B81E73E00A069EC /* MapLevelsMenuView.swift */ = {isa = PBXFileReference; lastKnownFileType = sourcecode.swift; path = MapLevelsMenuView.swift; sourceTree = "<group>"; };
		9CD32BDF2B81E74E00A069EC /* MapLevelsMenuView+ViewModel.swift */ = {isa = PBXFileReference; lastKnownFileType = sourcecode.swift; path = "MapLevelsMenuView+ViewModel.swift"; sourceTree = "<group>"; };
		9CD32BE12B81F96D00A069EC /* GameViewController+MapLevelsMenuDelegate.swift */ = {isa = PBXFileReference; lastKnownFileType = sourcecode.swift; path = "GameViewController+MapLevelsMenuDelegate.swift"; sourceTree = "<group>"; };
		9CD32BE32B82017700A069EC /* MenuOverlay.swift */ = {isa = PBXFileReference; lastKnownFileType = sourcecode.swift; path = MenuOverlay.swift; sourceTree = "<group>"; };
		9CD32BE52B823AF100A069EC /* GameViewController+MenuOverlayDelegate.swift */ = {isa = PBXFileReference; lastKnownFileType = sourcecode.swift; path = "GameViewController+MenuOverlayDelegate.swift"; sourceTree = "<group>"; };
		9CDDD1422BB35A6100C5C97B /* GameViewController+BlocksMenuViewDelegate.swift */ = {isa = PBXFileReference; lastKnownFileType = sourcecode.swift; path = "GameViewController+BlocksMenuViewDelegate.swift"; sourceTree = "<group>"; };
		9CE3A96C2B9F5B2600620571 /* WallBlock.swift */ = {isa = PBXFileReference; lastKnownFileType = sourcecode.swift; path = WallBlock.swift; sourceTree = "<group>"; };
		9CE3A9702B9F7D0300620571 /* TrapDoorBlock.swift */ = {isa = PBXFileReference; lastKnownFileType = sourcecode.swift; path = TrapDoorBlock.swift; sourceTree = "<group>"; };
		9CE9D0AB2B950E0D008CF426 /* FenceGateBlock.swift */ = {isa = PBXFileReference; lastKnownFileType = sourcecode.swift; path = FenceGateBlock.swift; sourceTree = "<group>"; };
		9CE9D0AF2B9517AE008CF426 /* RedstoneDustDotBlock.swift */ = {isa = PBXFileReference; lastKnownFileType = sourcecode.swift; path = RedstoneDustDotBlock.swift; sourceTree = "<group>"; };
		9CE9D0B32B951D9C008CF426 /* DoorBlock.swift */ = {isa = PBXFileReference; lastKnownFileType = sourcecode.swift; path = DoorBlock.swift; sourceTree = "<group>"; };
		9CE9D0B72B95292C008CF426 /* RepeaterBlock.swift */ = {isa = PBXFileReference; lastKnownFileType = sourcecode.swift; path = RepeaterBlock.swift; sourceTree = "<group>"; };
		9CE9D0BB2B952A20008CF426 /* ComparatorBlock.swift */ = {isa = PBXFileReference; lastKnownFileType = sourcecode.swift; path = ComparatorBlock.swift; sourceTree = "<group>"; };
		9CED803B2B7E62FA0033ADBF /* NBTParser.swift */ = {isa = PBXFileReference; lastKnownFileType = sourcecode.swift; path = NBTParser.swift; sourceTree = "<group>"; };
		9CF0E5502BB33E7700DB50E5 /* TallGrassBlock.swift */ = {isa = PBXFileReference; lastKnownFileType = sourcecode.swift; path = TallGrassBlock.swift; sourceTree = "<group>"; };
/* End PBXFileReference section */

/* Begin PBXFrameworksBuildPhase section */
		9C7483102B75E0CA00FAFD7C /* Frameworks */ = {
			isa = PBXFrameworksBuildPhase;
			buildActionMask = 2147483647;
			files = (
				9CED804A2B7E79390033ADBF /* SwiftNBT in Frameworks */,
			);
			runOnlyForDeploymentPostprocessing = 0;
		};
		9C7483212B75E0CA00FAFD7C /* Frameworks */ = {
			isa = PBXFrameworksBuildPhase;
			buildActionMask = 2147483647;
			files = (
			);
			runOnlyForDeploymentPostprocessing = 0;
		};
		9C7483312B75E0CA00FAFD7C /* Frameworks */ = {
			isa = PBXFrameworksBuildPhase;
			buildActionMask = 2147483647;
			files = (
			);
			runOnlyForDeploymentPostprocessing = 0;
		};
/* End PBXFrameworksBuildPhase section */

/* Begin PBXGroup section */
		9C172E932B7FC81A005FC710 /* BlockNodes */ = {
			isa = PBXGroup;
			children = (
				9C946D822B83A7A100521690 /* GenericBlock.swift */,
				9CC11CD72B94F3BE000C2D48 /* SCNNode+ApplyAttributes.swift */,
				9C94BAEA2BA0825A004678DE /* BannerBlock.swift */,
				9CC11CCF2B94EEC2000C2D48 /* ButtonBlock.swift */,
				9CA0A2F02B9F0C81008B2078 /* CarpetBlock.swift */,
				9CBA395D2B8E149B0005E587 /* ChainBlock.swift */,
				9C172E9B2B7FCA28005FC710 /* ChestBlock.swift */,
				9CE9D0BB2B952A20008CF426 /* ComparatorBlock.swift */,
				9CE9D0B32B951D9C008CF426 /* DoorBlock.swift */,
				9CE9D0AB2B950E0D008CF426 /* FenceGateBlock.swift */,
				9CBA39512B8DEED70005E587 /* FenceBlock.swift */,
				9CBA39412B8D847E0005E587 /* GlassPaneBlock.swift */,
				9C172E942B7FC88C005FC710 /* GrassBlock.swift */,
				9C94BAF22BA0AA5E004678DE /* HeadBlock.swift */,
				9CAA496E2BB2A261007739F0 /* HopperBlock.swift */,
				9CBA39552B8E06350005E587 /* LanternBlock.swift */,
				9CC11CC72B94E4BE000C2D48 /* LeverBlock.swift */,
				9C94BAF62BA0B10B004678DE /* PistonBlock.swift */,
				9C94BAFA2BA0B8A4004678DE /* PistonHeadBlock.swift */,
				9CBA39612B8E198B0005E587 /* RailBlock.swift */,
				9CE9D0AF2B9517AE008CF426 /* RedstoneDustDotBlock.swift */,
				9CE9D0B72B95292C008CF426 /* RepeaterBlock.swift */,
				9C946D862B83A9B600521690 /* SignBlock.swift */,
				9CBA39452B8DB04F0005E587 /* SlabBlock.swift */,
				9C946D802B83A54F00521690 /* StairsBlock.swift */,
				9CF0E5502BB33E7700DB50E5 /* TallGrassBlock.swift */,
				9CE3A9702B9F7D0300620571 /* TrapDoorBlock.swift */,
				9C94BAFE2BA0C868004678DE /* TorchBlock.swift */,
				9CE3A96C2B9F5B2600620571 /* WallBlock.swift */,
				9C172E992B7FCA28005FC710 /* WaterBlock.swift */,
				9CBA39492B8DD10D0005E587 /* WoodBlock.swift */,
			);
			path = BlockNodes;
			sourceTree = "<group>";
		};
		9C172EC42B7FFC22005FC710 /* NBTParser */ = {
			isa = PBXGroup;
			children = (
				9CED803B2B7E62FA0033ADBF /* NBTParser.swift */,
				9C3298BB2B7F985F00A75C29 /* NBTParser+NBTNodeHelper.swift */,
				9C3298BF2B7F98EC00A75C29 /* NBTParser+BlockPlacementHelper.swift */,
				9C172E8B2B7F9D8B005FC710 /* NBTParser+BlockNames.swift */,
			);
			path = NBTParser;
			sourceTree = "<group>";
		};
		9C3298AA2B7E7F4B00A75C29 /* Resources */ = {
			isa = PBXGroup;
			children = (
				9C74830D2B75E0C700FAFD7C /* Art.scnassets */,
				9C74830E2B75E0CA00FAFD7C /* Assets.xcassets */,
				9C172E872B7F9CFA005FC710 /* BlockTextures.xcassets */,
				9C3298B72B7F93B500A75C29 /* VanillaResourcePackAssets.xcassets */,
				9C3298AB2B7E7F6C00A75C29 /* hello_world.nbt */,
				9C3298AD2B7E8C8600A75C29 /* AmosBedrockCowFarmV2.schematic */,
				9C946D6C2B826E1D00521690 /* test1.schem */,
				9C946D722B829CFC00521690 /* slabTest_low_to_up.schem */,
				9C946D742B829E8D00521690 /* hopper_s_e_n_w_dwn.schem */,
				9C946D762B829F1600521690 /* sign_s_e_n_w_stand.schem */,
				9C946D782B829F2400521690 /* stairs_n_w_s_e_upsdwn.schem */,
				9C946D8E2B83E6C200521690 /* chest_s_e_n_w_dble.schem */,
				9CBA393D2B86E8920005E587 /* futHouse9.schem */,
				9CBA396D2B8E59700005E587 /* redstone_and_doors.schem */,
				9C56FBBA2B9AEF5600BB1351 /* Boulevardier's_Japanese_Chateau.schem */,
				9C56FBBE2B9B2D6200BB1351 /* chicken.schem */,
				9C56FBC02B9B31A000BB1351 /* Modern_House_3.litematic */,
				9C56FBC82B9B423000BB1351 /* Modern_House_3.schem */,
				9C56FBCC2B9B43FF00BB1351 /* MH1.schematic */,
				9C56FBD62B9B4BE500BB1351 /* McDonalds2.schem */,
				9C56FBD12B9B473C00BB1351 /* Model1.schem */,
				9C56FBCE2B9B473B00BB1351 /* Model2.schem */,
				9C56FBCF2B9B473C00BB1351 /* Model3.schem */,
				9C56FBD02B9B473C00BB1351 /* Model4.schem */,
				9C56FBC42B9B3B7A00BB1351 /* VillageHome.schematic */,
			);
			path = Resources;
			sourceTree = "<group>";
		};
		9C7483062B75E0C700FAFD7C = {
			isa = PBXGroup;
			children = (
				9C74830B2B75E0C700FAFD7C /* SchematicViewer Shared */,
				9C7483152B75E0CA00FAFD7C /* SchematicViewer iOS */,
				9C7483252B75E0CA00FAFD7C /* SchematicViewer tvOS */,
				9C7483352B75E0CA00FAFD7C /* SchematicViewer macOS */,
				9C7483142B75E0CA00FAFD7C /* Products */,
				9CED80432B7E739F0033ADBF /* Frameworks */,
			);
			sourceTree = "<group>";
		};
		9C74830B2B75E0C700FAFD7C /* SchematicViewer Shared */ = {
			isa = PBXGroup;
			children = (
				9CD32BED2B8241B900A069EC /* Game Scene */,
				9CD32BE92B82405100A069EC /* Helpers */,
				9C172EC42B7FFC22005FC710 /* NBTParser */,
				9C172E932B7FC81A005FC710 /* BlockNodes */,
				9C3298AA2B7E7F4B00A75C29 /* Resources */,
				9CAA496A2BB29E1C007739F0 /* PrivacyInfo.xcprivacy */,
			);
			path = "SchematicViewer Shared";
			sourceTree = "<group>";
		};
		9C7483142B75E0CA00FAFD7C /* Products */ = {
			isa = PBXGroup;
			children = (
				9C7483132B75E0CA00FAFD7C /* SchematicViewer.app */,
				9C7483242B75E0CA00FAFD7C /* SchematicViewer.app */,
				9C7483342B75E0CA00FAFD7C /* SchematicViewer.app */,
			);
			name = Products;
			sourceTree = "<group>";
		};
		9C7483152B75E0CA00FAFD7C /* SchematicViewer iOS */ = {
			isa = PBXGroup;
			children = (
				9CC11CC62B94D085000C2D48 /* SchematicViewer-iOS-Info.plist */,
				9CD32BEC2B82413200A069EC /* GameViewController */,
				9CD32BE72B823FAF00A069EC /* Views */,
				9CD32BE82B823FC700A069EC /* ViewModels */,
				9CD32BD42B7FFD2000A069EC /* VirtualController */,
				9C7483162B75E0CA00FAFD7C /* AppDelegate.swift */,
				9C74831A2B75E0CA00FAFD7C /* Main.storyboard */,
				9C74831D2B75E0CA00FAFD7C /* LaunchScreen.storyboard */,
				9CC11CC42B94C979000C2D48 /* Media.xcassets */,
			);
			path = "SchematicViewer iOS";
			sourceTree = "<group>";
		};
		9C7483252B75E0CA00FAFD7C /* SchematicViewer tvOS */ = {
			isa = PBXGroup;
			children = (
				9C7483262B75E0CA00FAFD7C /* AppDelegate.swift */,
				9C7483282B75E0CA00FAFD7C /* GameViewController.swift */,
				9C74832A2B75E0CA00FAFD7C /* Main.storyboard */,
				9C74832D2B75E0CA00FAFD7C /* LaunchScreen.storyboard */,
			);
			path = "SchematicViewer tvOS";
			sourceTree = "<group>";
		};
		9C7483352B75E0CA00FAFD7C /* SchematicViewer macOS */ = {
			isa = PBXGroup;
			children = (
				9C7483362B75E0CA00FAFD7C /* AppDelegate.swift */,
				9C7483382B75E0CA00FAFD7C /* GameViewController.swift */,
				9C74833A2B75E0CA00FAFD7C /* Main.storyboard */,
				9C74833D2B75E0CA00FAFD7C /* SchematicViewer_macOS.entitlements */,
			);
			path = "SchematicViewer macOS";
			sourceTree = "<group>";
		};
		9CD32BD42B7FFD2000A069EC /* VirtualController */ = {
			isa = PBXGroup;
			children = (
				9C172EAC2B7FD3B9005FC710 /* VirtualController.swift */,
			);
			path = VirtualController;
			sourceTree = "<group>";
		};
		9CD32BE72B823FAF00A069EC /* Views */ = {
			isa = PBXGroup;
			children = (
				9CD32BD52B81CAF400A069EC /* BlocksMenuView.swift */,
				9CD32BDD2B81E73E00A069EC /* MapLevelsMenuView.swift */,
			);
			path = Views;
			sourceTree = "<group>";
		};
		9CD32BE82B823FC700A069EC /* ViewModels */ = {
			isa = PBXGroup;
			children = (
				9CD32BD72B81CB6000A069EC /* BlocksMenuView+ViewModel.swift */,
				9CD32BDF2B81E74E00A069EC /* MapLevelsMenuView+ViewModel.swift */,
			);
			path = ViewModels;
			sourceTree = "<group>";
		};
		9CD32BE92B82405100A069EC /* Helpers */ = {
			isa = PBXGroup;
			children = (
				9C1C4D922B7ABEE300C1E1C4 /* SceneBlocksHelper.swift */,
				9CD32BD92B81CBCA00A069EC /* BlocksData.swift */,
				9C946D6E2B829ABD00521690 /* NodeBlock.swift */,
				9CBA394D2B8DD4F50005E587 /* NodeBlockAttributes.swift */,
				9CAA495A2BA6041E007739F0 /* NodeBlockAttributes+AttributeMapping.swift */,
				9CAA495C2BA604B0007739F0 /* NodeBlockAttributes+NameMapping.swift */,
				9CAA49582BA603A5007739F0 /* NodeBlockAttributes+BlockTypeMapping.swift */,
				9CA0A2F42B9F16C9008B2078 /* SVNode.swift */,
				9CA0A2F82B9F1C27008B2078 /* UIColor+Extensions.swift */,
				9CAA49662BA606A7007739F0 /* String+Extensions.swift */,
			);
			path = Helpers;
			sourceTree = "<group>";
		};
		9CD32BEC2B82413200A069EC /* GameViewController */ = {
			isa = PBXGroup;
			children = (
				9C7483182B75E0CA00FAFD7C /* GameViewController.swift */,
				9C172EB02B7FD683005FC710 /* GameViewController+VirtualController.swift */,
				9CD32BE12B81F96D00A069EC /* GameViewController+MapLevelsMenuDelegate.swift */,
				9CDDD1422BB35A6100C5C97B /* GameViewController+BlocksMenuViewDelegate.swift */,
				9CD32BE52B823AF100A069EC /* GameViewController+MenuOverlayDelegate.swift */,
				9C946D922B84AF6600521690 /* GameViewController+FileImport.swift */,
			);
			path = GameViewController;
			sourceTree = "<group>";
		};
		9CD32BED2B8241B900A069EC /* Game Scene */ = {
			isa = PBXGroup;
			children = (
				9C74830C2B75E0C700FAFD7C /* GameSceneController.swift */,
				9CD32BE32B82017700A069EC /* MenuOverlay.swift */,
			);
			path = "Game Scene";
			sourceTree = "<group>";
		};
		9CED80432B7E739F0033ADBF /* Frameworks */ = {
			isa = PBXGroup;
			children = (
			);
			name = Frameworks;
			sourceTree = "<group>";
		};
/* End PBXGroup section */

/* Begin PBXNativeTarget section */
		9C7483122B75E0CA00FAFD7C /* SchematicViewer iOS */ = {
			isa = PBXNativeTarget;
			buildConfigurationList = 9C7483492B75E0CA00FAFD7C /* Build configuration list for PBXNativeTarget "SchematicViewer iOS" */;
			buildPhases = (
				9C74830F2B75E0CA00FAFD7C /* Sources */,
				9CED7FF62B7AC5E90033ADBF /* SwiftLint */,
				9C7483102B75E0CA00FAFD7C /* Frameworks */,
				9C7483112B75E0CA00FAFD7C /* Resources */,
			);
			buildRules = (
			);
			dependencies = (
			);
			name = "SchematicViewer iOS";
			packageProductDependencies = (
				9CED80492B7E79390033ADBF /* SwiftNBT */,
			);
			productName = "SchematicViewer iOS";
			productReference = 9C7483132B75E0CA00FAFD7C /* SchematicViewer.app */;
			productType = "com.apple.product-type.application";
		};
		9C7483232B75E0CA00FAFD7C /* SchematicViewer tvOS */ = {
			isa = PBXNativeTarget;
			buildConfigurationList = 9C74834C2B75E0CA00FAFD7C /* Build configuration list for PBXNativeTarget "SchematicViewer tvOS" */;
			buildPhases = (
				9C7483202B75E0CA00FAFD7C /* Sources */,
				9C7483212B75E0CA00FAFD7C /* Frameworks */,
				9C7483222B75E0CA00FAFD7C /* Resources */,
			);
			buildRules = (
			);
			dependencies = (
			);
			name = "SchematicViewer tvOS";
			productName = "SchematicViewer tvOS";
			productReference = 9C7483242B75E0CA00FAFD7C /* SchematicViewer.app */;
			productType = "com.apple.product-type.application";
		};
		9C7483332B75E0CA00FAFD7C /* SchematicViewer macOS */ = {
			isa = PBXNativeTarget;
			buildConfigurationList = 9C74834F2B75E0CA00FAFD7C /* Build configuration list for PBXNativeTarget "SchematicViewer macOS" */;
			buildPhases = (
				9C7483302B75E0CA00FAFD7C /* Sources */,
				9C7483312B75E0CA00FAFD7C /* Frameworks */,
				9C7483322B75E0CA00FAFD7C /* Resources */,
			);
			buildRules = (
			);
			dependencies = (
			);
			name = "SchematicViewer macOS";
			productName = "SchematicViewer macOS";
			productReference = 9C7483342B75E0CA00FAFD7C /* SchematicViewer.app */;
			productType = "com.apple.product-type.application";
		};
/* End PBXNativeTarget section */

/* Begin PBXProject section */
		9C7483072B75E0C700FAFD7C /* Project object */ = {
			isa = PBXProject;
			attributes = {
				BuildIndependentTargetsInParallel = 1;
				LastSwiftUpdateCheck = 1500;
				LastUpgradeCheck = 1500;
				TargetAttributes = {
					9C7483122B75E0CA00FAFD7C = {
						CreatedOnToolsVersion = 15.0.1;
					};
					9C7483232B75E0CA00FAFD7C = {
						CreatedOnToolsVersion = 15.0.1;
					};
					9C7483332B75E0CA00FAFD7C = {
						CreatedOnToolsVersion = 15.0.1;
					};
				};
			};
			buildConfigurationList = 9C74830A2B75E0C700FAFD7C /* Build configuration list for PBXProject "SchematicViewer" */;
			compatibilityVersion = "Xcode 14.0";
			developmentRegion = en;
			hasScannedForEncodings = 0;
			knownRegions = (
				en,
				Base,
			);
			mainGroup = 9C7483062B75E0C700FAFD7C;
			packageReferences = (
				9CC11CC32B94C3AD000C2D48 /* XCRemoteSwiftPackageReference "swift-nbt" */,
			);
			productRefGroup = 9C7483142B75E0CA00FAFD7C /* Products */;
			projectDirPath = "";
			projectRoot = "";
			targets = (
				9C7483122B75E0CA00FAFD7C /* SchematicViewer iOS */,
				9C7483232B75E0CA00FAFD7C /* SchematicViewer tvOS */,
				9C7483332B75E0CA00FAFD7C /* SchematicViewer macOS */,
			);
		};
/* End PBXProject section */

/* Begin PBXResourcesBuildPhase section */
		9C7483112B75E0CA00FAFD7C /* Resources */ = {
			isa = PBXResourcesBuildPhase;
			buildActionMask = 2147483647;
			files = (
				9CBA393E2B86E8920005E587 /* futHouse9.schem in Resources */,
				9C74831C2B75E0CA00FAFD7C /* Main.storyboard in Resources */,
				9CAA496B2BB29E1C007739F0 /* PrivacyInfo.xcprivacy in Resources */,
				9CBA396E2B8E59700005E587 /* redstone_and_doors.schem in Resources */,
				9CC11CC52B94C979000C2D48 /* Media.xcassets in Resources */,
				9C946D792B829F2400521690 /* stairs_n_w_s_e_upsdwn.schem in Resources */,
				9C56FBD72B9B4BE500BB1351 /* McDonalds2.schem in Resources */,
				9C56FBD22B9B473C00BB1351 /* Model2.schem in Resources */,
				9C946D752B829E8D00521690 /* hopper_s_e_n_w_dwn.schem in Resources */,
				9C56FBD42B9B473C00BB1351 /* Model4.schem in Resources */,
				9C56FBD52B9B473C00BB1351 /* Model1.schem in Resources */,
				9C946D6D2B826E2400521690 /* test1.schem in Resources */,
				9C56FBD32B9B473C00BB1351 /* Model3.schem in Resources */,
				9C3298AC2B7E7F6C00A75C29 /* hello_world.nbt in Resources */,
				9C74831F2B75E0CA00FAFD7C /* LaunchScreen.storyboard in Resources */,
				9C946D772B829F1600521690 /* sign_s_e_n_w_stand.schem in Resources */,
				9C172E882B7F9CFA005FC710 /* BlockTextures.xcassets in Resources */,
				9C946D732B829CFC00521690 /* slabTest_low_to_up.schem in Resources */,
				9C7483442B75E0CA00FAFD7C /* Assets.xcassets in Resources */,
				9C56FBBF2B9B2D6200BB1351 /* chicken.schem in Resources */,
				9C56FBC92B9B423000BB1351 /* Modern_House_3.schem in Resources */,
				9C56FBCD2B9B43FF00BB1351 /* MH1.schematic in Resources */,
				9C56FBBB2B9AEF5600BB1351 /* Boulevardier's_Japanese_Chateau.schem in Resources */,
				9C946D8F2B83E6C200521690 /* chest_s_e_n_w_dble.schem in Resources */,
				9C56FBC12B9B31A100BB1351 /* Modern_House_3.litematic in Resources */,
				9C3298AE2B7E8C8600A75C29 /* AmosBedrockCowFarmV2.schematic in Resources */,
				9C56FBC52B9B3B7A00BB1351 /* VillageHome.schematic in Resources */,
				9C7483412B75E0CA00FAFD7C /* Art.scnassets in Resources */,
				9C3298B82B7F93B500A75C29 /* VanillaResourcePackAssets.xcassets in Resources */,
			);
			runOnlyForDeploymentPostprocessing = 0;
		};
		9C7483222B75E0CA00FAFD7C /* Resources */ = {
			isa = PBXResourcesBuildPhase;
			buildActionMask = 2147483647;
			files = (
				9C56FBC62B9B3B7A00BB1351 /* VillageHome.schematic in Resources */,
				9C74832C2B75E0CA00FAFD7C /* Main.storyboard in Resources */,
				9CBA393F2B86E8920005E587 /* futHouse9.schem in Resources */,
				9C74832F2B75E0CA00FAFD7C /* LaunchScreen.storyboard in Resources */,
				9C56FBBC2B9AEF5600BB1351 /* Boulevardier's_Japanese_Chateau.schem in Resources */,
				9CBA396F2B8E59700005E587 /* redstone_and_doors.schem in Resources */,
				9C172E892B7F9CFA005FC710 /* BlockTextures.xcassets in Resources */,
				9C946D902B83E6C200521690 /* chest_s_e_n_w_dble.schem in Resources */,
				9CAA496C2BB29E1C007739F0 /* PrivacyInfo.xcprivacy in Resources */,
				9C7483452B75E0CA00FAFD7C /* Assets.xcassets in Resources */,
				9C56FBC22B9B31A100BB1351 /* Modern_House_3.litematic in Resources */,
				9C3298B92B7F93B500A75C29 /* VanillaResourcePackAssets.xcassets in Resources */,
				9C7483422B75E0CA00FAFD7C /* Art.scnassets in Resources */,
				9C56FBCA2B9B423000BB1351 /* Modern_House_3.schem in Resources */,
			);
			runOnlyForDeploymentPostprocessing = 0;
		};
		9C7483322B75E0CA00FAFD7C /* Resources */ = {
			isa = PBXResourcesBuildPhase;
			buildActionMask = 2147483647;
			files = (
				9C74833C2B75E0CA00FAFD7C /* Main.storyboard in Resources */,
				9C172E8A2B7F9CFA005FC710 /* BlockTextures.xcassets in Resources */,
				9CBA39702B8E59700005E587 /* redstone_and_doors.schem in Resources */,
				9CAA496D2BB29E1C007739F0 /* PrivacyInfo.xcprivacy in Resources */,
				9C946D912B83E6C200521690 /* chest_s_e_n_w_dble.schem in Resources */,
				9C56FBBD2B9AEF5600BB1351 /* Boulevardier's_Japanese_Chateau.schem in Resources */,
				9C7483462B75E0CA00FAFD7C /* Assets.xcassets in Resources */,
				9C56FBC32B9B31A100BB1351 /* Modern_House_3.litematic in Resources */,
				9C7483432B75E0CA00FAFD7C /* Art.scnassets in Resources */,
				9C56FBCB2B9B423000BB1351 /* Modern_House_3.schem in Resources */,
				9CBA39402B86E8920005E587 /* futHouse9.schem in Resources */,
				9C3298BA2B7F93B500A75C29 /* VanillaResourcePackAssets.xcassets in Resources */,
				9C56FBC72B9B3B7A00BB1351 /* VillageHome.schematic in Resources */,
			);
			runOnlyForDeploymentPostprocessing = 0;
		};
/* End PBXResourcesBuildPhase section */

/* Begin PBXShellScriptBuildPhase section */
		9CED7FF62B7AC5E90033ADBF /* SwiftLint */ = {
			isa = PBXShellScriptBuildPhase;
			alwaysOutOfDate = 1;
			buildActionMask = 2147483647;
			files = (
			);
			inputFileListPaths = (
			);
			inputPaths = (
				"$(SRCROOT)/.swiftlint.yml",
			);
			name = SwiftLint;
			outputFileListPaths = (
			);
			outputPaths = (
			);
			runOnlyForDeploymentPostprocessing = 0;
			shellPath = /bin/sh;
			shellScript = "if [[ \"$(uname -m)\" == arm64 ]]; then\n    export PATH=\"/opt/homebrew/bin:$PATH\"\nfi\n\nif which swiftlint > /dev/null; then\n  swiftlint\nelse\n  echo \"warning: SwiftLint not installed, download from https://github.com/realm/SwiftLint\"\nfi\n";
		};
/* End PBXShellScriptBuildPhase section */

/* Begin PBXSourcesBuildPhase section */
		9C74830F2B75E0CA00FAFD7C /* Sources */ = {
			isa = PBXSourcesBuildPhase;
			buildActionMask = 2147483647;
			files = (
				9CA0A2F52B9F16C9008B2078 /* SVNode.swift in Sources */,
				9C172E8C2B7F9D8B005FC710 /* NBTParser+BlockNames.swift in Sources */,
				9C3298C02B7F98EC00A75C29 /* NBTParser+BlockPlacementHelper.swift in Sources */,
				9CE9D0B82B95292C008CF426 /* RepeaterBlock.swift in Sources */,
				9C1C4D932B7ABEE300C1E1C4 /* SceneBlocksHelper.swift in Sources */,
				9CBA39462B8DB04F0005E587 /* SlabBlock.swift in Sources */,
				9CED803C2B7E62FA0033ADBF /* NBTParser.swift in Sources */,
				9CBA39622B8E198B0005E587 /* RailBlock.swift in Sources */,
				9CBA39562B8E06350005E587 /* LanternBlock.swift in Sources */,
				9C7483192B75E0CA00FAFD7C /* GameViewController.swift in Sources */,
				9C946D812B83A54F00521690 /* StairsBlock.swift in Sources */,
				9CE3A96D2B9F5B2600620571 /* WallBlock.swift in Sources */,
				9C946D932B84AF6600521690 /* GameViewController+FileImport.swift in Sources */,
				9CE9D0B02B9517AE008CF426 /* RedstoneDustDotBlock.swift in Sources */,
				9CD32BE62B823AF200A069EC /* GameViewController+MenuOverlayDelegate.swift in Sources */,
				9CAA495D2BA604B0007739F0 /* NodeBlockAttributes+NameMapping.swift in Sources */,
				9CE3A9712B9F7D0300620571 /* TrapDoorBlock.swift in Sources */,
				9C946D832B83A7A100521690 /* GenericBlock.swift in Sources */,
				9CBA394A2B8DD10D0005E587 /* WoodBlock.swift in Sources */,
				9CD32BD82B81CB6000A069EC /* BlocksMenuView+ViewModel.swift in Sources */,
				9CD32BD62B81CAF400A069EC /* BlocksMenuView.swift in Sources */,
				9C94BAFB2BA0B8A4004678DE /* PistonHeadBlock.swift in Sources */,
				9CD32BDA2B81CBCA00A069EC /* BlocksData.swift in Sources */,
				9CF0E5512BB33E7800DB50E5 /* TallGrassBlock.swift in Sources */,
				9CBA394E2B8DD4F50005E587 /* NodeBlockAttributes.swift in Sources */,
				9C94BAFF2BA0C868004678DE /* TorchBlock.swift in Sources */,
				9CAA49672BA606A7007739F0 /* String+Extensions.swift in Sources */,
				9CE9D0AC2B950E0D008CF426 /* FenceGateBlock.swift in Sources */,
				9CD32BDE2B81E73E00A069EC /* MapLevelsMenuView.swift in Sources */,
				9C172EA62B7FCA28005FC710 /* ChestBlock.swift in Sources */,
				9CD32BE02B81E74F00A069EC /* MapLevelsMenuView+ViewModel.swift in Sources */,
				9C74833E2B75E0CA00FAFD7C /* GameSceneController.swift in Sources */,
				9C172EAD2B7FD3B9005FC710 /* VirtualController.swift in Sources */,
				9CD32BE42B82017700A069EC /* MenuOverlay.swift in Sources */,
				9C94BAEB2BA0825A004678DE /* BannerBlock.swift in Sources */,
				9CE9D0BC2B952A20008CF426 /* ComparatorBlock.swift in Sources */,
				9C7483172B75E0CA00FAFD7C /* AppDelegate.swift in Sources */,
				9CE9D0B42B951D9C008CF426 /* DoorBlock.swift in Sources */,
				9CAA49592BA603A5007739F0 /* NodeBlockAttributes+BlockTypeMapping.swift in Sources */,
				9C946D6F2B829ABD00521690 /* NodeBlock.swift in Sources */,
				9C172E952B7FC88C005FC710 /* GrassBlock.swift in Sources */,
				9CA0A2F12B9F0C81008B2078 /* CarpetBlock.swift in Sources */,
				9C172EA02B7FCA28005FC710 /* WaterBlock.swift in Sources */,
				9CBA395E2B8E149B0005E587 /* ChainBlock.swift in Sources */,
				9CC11CC82B94E4BE000C2D48 /* LeverBlock.swift in Sources */,
				9C946D872B83A9B600521690 /* SignBlock.swift in Sources */,
				9CBA39422B8D847E0005E587 /* GlassPaneBlock.swift in Sources */,
				9C94BAF32BA0AA5E004678DE /* HeadBlock.swift in Sources */,
				9C172EB12B7FD683005FC710 /* GameViewController+VirtualController.swift in Sources */,
				9CAA496F2BB2A261007739F0 /* HopperBlock.swift in Sources */,
				9CC11CD82B94F3BE000C2D48 /* SCNNode+ApplyAttributes.swift in Sources */,
				9CC11CD02B94EEC2000C2D48 /* ButtonBlock.swift in Sources */,
				9CAA495B2BA6041E007739F0 /* NodeBlockAttributes+AttributeMapping.swift in Sources */,
				9CD32BE22B81F96D00A069EC /* GameViewController+MapLevelsMenuDelegate.swift in Sources */,
				9CDDD1432BB35A6100C5C97B /* GameViewController+BlocksMenuViewDelegate.swift in Sources */,
				9CBA39522B8DEED70005E587 /* FenceBlock.swift in Sources */,
				9C94BAF72BA0B10B004678DE /* PistonBlock.swift in Sources */,
				9C3298BC2B7F985F00A75C29 /* NBTParser+NBTNodeHelper.swift in Sources */,
				9CA0A2F92B9F1C27008B2078 /* UIColor+Extensions.swift in Sources */,
			);
			runOnlyForDeploymentPostprocessing = 0;
		};
		9C7483202B75E0CA00FAFD7C /* Sources */ = {
			isa = PBXSourcesBuildPhase;
			buildActionMask = 2147483647;
			files = (
				9CE9D0B92B95292C008CF426 /* RepeaterBlock.swift in Sources */,
				9CE9D0BD2B952A20008CF426 /* ComparatorBlock.swift in Sources */,
				9CAA49622BA604B8007739F0 /* NodeBlockAttributes+AttributeMapping.swift in Sources */,
				9CE9D0B52B951D9C008CF426 /* DoorBlock.swift in Sources */,
				9C94BAF82BA0B10B004678DE /* PistonBlock.swift in Sources */,
				9CE9D0AD2B950E0D008CF426 /* FenceGateBlock.swift in Sources */,
				9C946D882B83A9B600521690 /* SignBlock.swift in Sources */,
				9CBA39632B8E198B0005E587 /* RailBlock.swift in Sources */,
				9C172E8D2B7F9D8B005FC710 /* NBTParser+BlockNames.swift in Sources */,
				9CE9D0B12B9517AE008CF426 /* RedstoneDustDotBlock.swift in Sources */,
				9CBA39572B8E06350005E587 /* LanternBlock.swift in Sources */,
				9CF0E5522BB33E7800DB50E5 /* TallGrassBlock.swift in Sources */,
				9C3298C12B7F98EC00A75C29 /* NBTParser+BlockPlacementHelper.swift in Sources */,
				9CBA394B2B8DD10D0005E587 /* WoodBlock.swift in Sources */,
				9C1C4D942B7ABEE300C1E1C4 /* SceneBlocksHelper.swift in Sources */,
				9C94BAEC2BA0825A004678DE /* BannerBlock.swift in Sources */,
				9CE3A96E2B9F5B2600620571 /* WallBlock.swift in Sources */,
				9C94BB002BA0C868004678DE /* TorchBlock.swift in Sources */,
				9CAA49602BA604B4007739F0 /* NodeBlockAttributes+BlockTypeMapping.swift in Sources */,
				9C94BAF42BA0AA5E004678DE /* HeadBlock.swift in Sources */,
				9C946D702B829ABD00521690 /* NodeBlock.swift in Sources */,
				9CA0A2FA2B9F1C27008B2078 /* UIColor+Extensions.swift in Sources */,
				9CC11CC92B94E4BE000C2D48 /* LeverBlock.swift in Sources */,
				9CE3A9722B9F7D0300620571 /* TrapDoorBlock.swift in Sources */,
				9CA0A2F22B9F0C81008B2078 /* CarpetBlock.swift in Sources */,
				9CAA49682BA606A7007739F0 /* String+Extensions.swift in Sources */,
				9CED803D2B7E62FA0033ADBF /* NBTParser.swift in Sources */,
				9C94BAFC2BA0B8A4004678DE /* PistonHeadBlock.swift in Sources */,
				9CD32BEA2B82408100A069EC /* MenuOverlay.swift in Sources */,
				9CBA39532B8DEED70005E587 /* FenceBlock.swift in Sources */,
				9CAA495E2BA604B0007739F0 /* NodeBlockAttributes+NameMapping.swift in Sources */,
				9CBA394F2B8DD4F50005E587 /* NodeBlockAttributes.swift in Sources */,
				9CAA49642BA604C9007739F0 /* StairsBlock.swift in Sources */,
				9C7483292B75E0CA00FAFD7C /* GameViewController.swift in Sources */,
				9CBA39472B8DB04F0005E587 /* SlabBlock.swift in Sources */,
				9CD32BDB2B81CBCA00A069EC /* BlocksData.swift in Sources */,
				9CBA39432B8D847E0005E587 /* GlassPaneBlock.swift in Sources */,
				9C172EA72B7FCA28005FC710 /* ChestBlock.swift in Sources */,
				9C946D842B83A7A400521690 /* GenericBlock.swift in Sources */,
				9CBA395F2B8E149B0005E587 /* ChainBlock.swift in Sources */,
				9C74833F2B75E0CA00FAFD7C /* GameSceneController.swift in Sources */,
				9CC11CD92B94F3BE000C2D48 /* SCNNode+ApplyAttributes.swift in Sources */,
				9CA0A2F62B9F16C9008B2078 /* SVNode.swift in Sources */,
				9C7483272B75E0CA00FAFD7C /* AppDelegate.swift in Sources */,
				9C172E962B7FC88C005FC710 /* GrassBlock.swift in Sources */,
				9C172EA12B7FCA28005FC710 /* WaterBlock.swift in Sources */,
				9C3298BD2B7F985F00A75C29 /* NBTParser+NBTNodeHelper.swift in Sources */,
				9CC11CD12B94EEC2000C2D48 /* ButtonBlock.swift in Sources */,
				9CAA49702BB2A261007739F0 /* HopperBlock.swift in Sources */,
			);
			runOnlyForDeploymentPostprocessing = 0;
		};
		9C7483302B75E0CA00FAFD7C /* Sources */ = {
			isa = PBXSourcesBuildPhase;
			buildActionMask = 2147483647;
			files = (
				9CE9D0BA2B95292C008CF426 /* RepeaterBlock.swift in Sources */,
				9CE9D0BE2B952A20008CF426 /* ComparatorBlock.swift in Sources */,
				9CAA49632BA604B9007739F0 /* NodeBlockAttributes+AttributeMapping.swift in Sources */,
				9CE9D0B62B951D9C008CF426 /* DoorBlock.swift in Sources */,
				9C94BAF92BA0B10B004678DE /* PistonBlock.swift in Sources */,
				9CE9D0AE2B950E0D008CF426 /* FenceGateBlock.swift in Sources */,
				9C946D892B83A9B600521690 /* SignBlock.swift in Sources */,
				9CBA39642B8E198B0005E587 /* RailBlock.swift in Sources */,
				9C172E8E2B7F9D8B005FC710 /* NBTParser+BlockNames.swift in Sources */,
				9CE9D0B22B9517AE008CF426 /* RedstoneDustDotBlock.swift in Sources */,
				9CBA39582B8E06350005E587 /* LanternBlock.swift in Sources */,
				9CF0E5532BB33E7800DB50E5 /* TallGrassBlock.swift in Sources */,
				9C3298C22B7F98EC00A75C29 /* NBTParser+BlockPlacementHelper.swift in Sources */,
				9CBA394C2B8DD10D0005E587 /* WoodBlock.swift in Sources */,
				9C1C4D952B7ABEE300C1E1C4 /* SceneBlocksHelper.swift in Sources */,
				9C94BAED2BA0825A004678DE /* BannerBlock.swift in Sources */,
				9CE3A96F2B9F5B2600620571 /* WallBlock.swift in Sources */,
				9C94BB012BA0C868004678DE /* TorchBlock.swift in Sources */,
				9CAA49612BA604B5007739F0 /* NodeBlockAttributes+BlockTypeMapping.swift in Sources */,
				9C94BAF52BA0AA5E004678DE /* HeadBlock.swift in Sources */,
				9C946D712B829ABD00521690 /* NodeBlock.swift in Sources */,
				9CA0A2FB2B9F1C27008B2078 /* UIColor+Extensions.swift in Sources */,
				9CC11CCA2B94E4BE000C2D48 /* LeverBlock.swift in Sources */,
				9CE3A9732B9F7D0300620571 /* TrapDoorBlock.swift in Sources */,
				9CA0A2F32B9F0C81008B2078 /* CarpetBlock.swift in Sources */,
				9CAA49692BA606A7007739F0 /* String+Extensions.swift in Sources */,
				9CED803E2B7E62FA0033ADBF /* NBTParser.swift in Sources */,
				9C94BAFD2BA0B8A4004678DE /* PistonHeadBlock.swift in Sources */,
				9CD32BEB2B82408100A069EC /* MenuOverlay.swift in Sources */,
				9CBA39542B8DEED70005E587 /* FenceBlock.swift in Sources */,
				9CAA495F2BA604B0007739F0 /* NodeBlockAttributes+NameMapping.swift in Sources */,
				9CBA39502B8DD4F50005E587 /* NodeBlockAttributes.swift in Sources */,
				9CAA49652BA604CA007739F0 /* StairsBlock.swift in Sources */,
				9C7483392B75E0CA00FAFD7C /* GameViewController.swift in Sources */,
				9CBA39482B8DB04F0005E587 /* SlabBlock.swift in Sources */,
				9CD32BDC2B81CBCA00A069EC /* BlocksData.swift in Sources */,
				9CBA39442B8D847E0005E587 /* GlassPaneBlock.swift in Sources */,
				9C172EA82B7FCA28005FC710 /* ChestBlock.swift in Sources */,
				9C946D852B83A7A400521690 /* GenericBlock.swift in Sources */,
				9CBA39602B8E149B0005E587 /* ChainBlock.swift in Sources */,
				9C7483402B75E0CA00FAFD7C /* GameSceneController.swift in Sources */,
				9CC11CDA2B94F3BE000C2D48 /* SCNNode+ApplyAttributes.swift in Sources */,
				9CA0A2F72B9F16C9008B2078 /* SVNode.swift in Sources */,
				9C7483372B75E0CA00FAFD7C /* AppDelegate.swift in Sources */,
				9C172E972B7FC88C005FC710 /* GrassBlock.swift in Sources */,
				9C172EA22B7FCA28005FC710 /* WaterBlock.swift in Sources */,
				9C3298BE2B7F985F00A75C29 /* NBTParser+NBTNodeHelper.swift in Sources */,
				9CC11CD22B94EEC2000C2D48 /* ButtonBlock.swift in Sources */,
				9CAA49712BB2A262007739F0 /* HopperBlock.swift in Sources */,
			);
			runOnlyForDeploymentPostprocessing = 0;
		};
/* End PBXSourcesBuildPhase section */

/* Begin PBXVariantGroup section */
		9C74831A2B75E0CA00FAFD7C /* Main.storyboard */ = {
			isa = PBXVariantGroup;
			children = (
				9C74831B2B75E0CA00FAFD7C /* Base */,
			);
			name = Main.storyboard;
			sourceTree = "<group>";
		};
		9C74831D2B75E0CA00FAFD7C /* LaunchScreen.storyboard */ = {
			isa = PBXVariantGroup;
			children = (
				9C74831E2B75E0CA00FAFD7C /* Base */,
			);
			name = LaunchScreen.storyboard;
			sourceTree = "<group>";
		};
		9C74832A2B75E0CA00FAFD7C /* Main.storyboard */ = {
			isa = PBXVariantGroup;
			children = (
				9C74832B2B75E0CA00FAFD7C /* Base */,
			);
			name = Main.storyboard;
			sourceTree = "<group>";
		};
		9C74832D2B75E0CA00FAFD7C /* LaunchScreen.storyboard */ = {
			isa = PBXVariantGroup;
			children = (
				9C74832E2B75E0CA00FAFD7C /* Base */,
			);
			name = LaunchScreen.storyboard;
			sourceTree = "<group>";
		};
		9C74833A2B75E0CA00FAFD7C /* Main.storyboard */ = {
			isa = PBXVariantGroup;
			children = (
				9C74833B2B75E0CA00FAFD7C /* Base */,
			);
			name = Main.storyboard;
			sourceTree = "<group>";
		};
/* End PBXVariantGroup section */

/* Begin XCBuildConfiguration section */
		9C7483472B75E0CA00FAFD7C /* Debug */ = {
			isa = XCBuildConfiguration;
			buildSettings = {
				ALWAYS_SEARCH_USER_PATHS = NO;
				ASSETCATALOG_COMPILER_GENERATE_SWIFT_ASSET_SYMBOL_EXTENSIONS = YES;
				CLANG_ANALYZER_NONNULL = YES;
				CLANG_ANALYZER_NUMBER_OBJECT_CONVERSION = YES_AGGRESSIVE;
				CLANG_CXX_LANGUAGE_STANDARD = "gnu++20";
				CLANG_ENABLE_MODULES = YES;
				CLANG_ENABLE_OBJC_ARC = YES;
				CLANG_ENABLE_OBJC_WEAK = YES;
				CLANG_WARN_BLOCK_CAPTURE_AUTORELEASING = YES;
				CLANG_WARN_BOOL_CONVERSION = YES;
				CLANG_WARN_COMMA = YES;
				CLANG_WARN_CONSTANT_CONVERSION = YES;
				CLANG_WARN_DEPRECATED_OBJC_IMPLEMENTATIONS = YES;
				CLANG_WARN_DIRECT_OBJC_ISA_USAGE = YES_ERROR;
				CLANG_WARN_DOCUMENTATION_COMMENTS = YES;
				CLANG_WARN_EMPTY_BODY = YES;
				CLANG_WARN_ENUM_CONVERSION = YES;
				CLANG_WARN_INFINITE_RECURSION = YES;
				CLANG_WARN_INT_CONVERSION = YES;
				CLANG_WARN_NON_LITERAL_NULL_CONVERSION = YES;
				CLANG_WARN_OBJC_IMPLICIT_RETAIN_SELF = YES;
				CLANG_WARN_OBJC_LITERAL_CONVERSION = YES;
				CLANG_WARN_OBJC_ROOT_CLASS = YES_ERROR;
				CLANG_WARN_QUOTED_INCLUDE_IN_FRAMEWORK_HEADER = YES;
				CLANG_WARN_RANGE_LOOP_ANALYSIS = YES;
				CLANG_WARN_STRICT_PROTOTYPES = YES;
				CLANG_WARN_SUSPICIOUS_MOVE = YES;
				CLANG_WARN_UNGUARDED_AVAILABILITY = YES_AGGRESSIVE;
				CLANG_WARN_UNREACHABLE_CODE = YES;
				CLANG_WARN__DUPLICATE_METHOD_MATCH = YES;
				COPY_PHASE_STRIP = NO;
				DEBUG_INFORMATION_FORMAT = dwarf;
				ENABLE_STRICT_OBJC_MSGSEND = YES;
				ENABLE_TESTABILITY = YES;
				ENABLE_USER_SCRIPT_SANDBOXING = YES;
				GCC_C_LANGUAGE_STANDARD = gnu17;
				GCC_DYNAMIC_NO_PIC = NO;
				GCC_NO_COMMON_BLOCKS = YES;
				GCC_OPTIMIZATION_LEVEL = 0;
				GCC_PREPROCESSOR_DEFINITIONS = (
					"DEBUG=1",
					"$(inherited)",
				);
				GCC_WARN_64_TO_32_BIT_CONVERSION = YES;
				GCC_WARN_ABOUT_RETURN_TYPE = YES_ERROR;
				GCC_WARN_UNDECLARED_SELECTOR = YES;
				GCC_WARN_UNINITIALIZED_AUTOS = YES_AGGRESSIVE;
				GCC_WARN_UNUSED_FUNCTION = YES;
				GCC_WARN_UNUSED_VARIABLE = YES;
				LOCALIZATION_PREFERS_STRING_CATALOGS = YES;
				MTL_ENABLE_DEBUG_INFO = INCLUDE_SOURCE;
				MTL_FAST_MATH = YES;
				ONLY_ACTIVE_ARCH = YES;
				SWIFT_ACTIVE_COMPILATION_CONDITIONS = "DEBUG $(inherited)";
				SWIFT_OPTIMIZATION_LEVEL = "-Onone";
			};
			name = Debug;
		};
		9C7483482B75E0CA00FAFD7C /* Release */ = {
			isa = XCBuildConfiguration;
			buildSettings = {
				ALWAYS_SEARCH_USER_PATHS = NO;
				ASSETCATALOG_COMPILER_GENERATE_SWIFT_ASSET_SYMBOL_EXTENSIONS = YES;
				CLANG_ANALYZER_NONNULL = YES;
				CLANG_ANALYZER_NUMBER_OBJECT_CONVERSION = YES_AGGRESSIVE;
				CLANG_CXX_LANGUAGE_STANDARD = "gnu++20";
				CLANG_ENABLE_MODULES = YES;
				CLANG_ENABLE_OBJC_ARC = YES;
				CLANG_ENABLE_OBJC_WEAK = YES;
				CLANG_WARN_BLOCK_CAPTURE_AUTORELEASING = YES;
				CLANG_WARN_BOOL_CONVERSION = YES;
				CLANG_WARN_COMMA = YES;
				CLANG_WARN_CONSTANT_CONVERSION = YES;
				CLANG_WARN_DEPRECATED_OBJC_IMPLEMENTATIONS = YES;
				CLANG_WARN_DIRECT_OBJC_ISA_USAGE = YES_ERROR;
				CLANG_WARN_DOCUMENTATION_COMMENTS = YES;
				CLANG_WARN_EMPTY_BODY = YES;
				CLANG_WARN_ENUM_CONVERSION = YES;
				CLANG_WARN_INFINITE_RECURSION = YES;
				CLANG_WARN_INT_CONVERSION = YES;
				CLANG_WARN_NON_LITERAL_NULL_CONVERSION = YES;
				CLANG_WARN_OBJC_IMPLICIT_RETAIN_SELF = YES;
				CLANG_WARN_OBJC_LITERAL_CONVERSION = YES;
				CLANG_WARN_OBJC_ROOT_CLASS = YES_ERROR;
				CLANG_WARN_QUOTED_INCLUDE_IN_FRAMEWORK_HEADER = YES;
				CLANG_WARN_RANGE_LOOP_ANALYSIS = YES;
				CLANG_WARN_STRICT_PROTOTYPES = YES;
				CLANG_WARN_SUSPICIOUS_MOVE = YES;
				CLANG_WARN_UNGUARDED_AVAILABILITY = YES_AGGRESSIVE;
				CLANG_WARN_UNREACHABLE_CODE = YES;
				CLANG_WARN__DUPLICATE_METHOD_MATCH = YES;
				COPY_PHASE_STRIP = NO;
				DEBUG_INFORMATION_FORMAT = "dwarf-with-dsym";
				ENABLE_NS_ASSERTIONS = NO;
				ENABLE_STRICT_OBJC_MSGSEND = YES;
				ENABLE_USER_SCRIPT_SANDBOXING = YES;
				GCC_C_LANGUAGE_STANDARD = gnu17;
				GCC_NO_COMMON_BLOCKS = YES;
				GCC_WARN_64_TO_32_BIT_CONVERSION = YES;
				GCC_WARN_ABOUT_RETURN_TYPE = YES_ERROR;
				GCC_WARN_UNDECLARED_SELECTOR = YES;
				GCC_WARN_UNINITIALIZED_AUTOS = YES_AGGRESSIVE;
				GCC_WARN_UNUSED_FUNCTION = YES;
				GCC_WARN_UNUSED_VARIABLE = YES;
				LOCALIZATION_PREFERS_STRING_CATALOGS = YES;
				MTL_ENABLE_DEBUG_INFO = NO;
				MTL_FAST_MATH = YES;
				SWIFT_COMPILATION_MODE = wholemodule;
			};
			name = Release;
		};
		9C74834A2B75E0CA00FAFD7C /* Debug */ = {
			isa = XCBuildConfiguration;
			buildSettings = {
				ASSETCATALOG_COMPILER_APPICON_NAME = AppIcon;
				ASSETCATALOG_COMPILER_GLOBAL_ACCENT_COLOR_NAME = AccentColor;
				ASSETCATALOG_COMPILER_INCLUDE_ALL_APPICON_ASSETS = YES;
				"CODE_SIGN_IDENTITY[sdk=iphoneos*]" = "iPhone Developer";
				CODE_SIGN_STYLE = Manual;
				CURRENT_PROJECT_VERSION = 17;
				DEVELOPMENT_TEAM = "";
				"DEVELOPMENT_TEAM[sdk=iphoneos*]" = 3BT7A38RRX;
				ENABLE_USER_SCRIPT_SANDBOXING = NO;
				GENERATE_INFOPLIST_FILE = YES;
				INFOPLIST_FILE = "SchematicViewer-iOS-Info.plist";
				INFOPLIST_KEY_CFBundleDisplayName = "Schematic Viewer";
				INFOPLIST_KEY_LSApplicationCategoryType = "public.app-category.utilities";
				INFOPLIST_KEY_UIApplicationSupportsIndirectInputEvents = YES;
				INFOPLIST_KEY_UILaunchStoryboardName = LaunchScreen.storyboard;
				INFOPLIST_KEY_UIMainStoryboardFile = Main;
				INFOPLIST_KEY_UIRequiresFullScreen = YES;
				INFOPLIST_KEY_UIStatusBarHidden = YES;
				INFOPLIST_KEY_UISupportedInterfaceOrientations = "UIInterfaceOrientationLandscapeLeft UIInterfaceOrientationLandscapeRight";
				IPHONEOS_DEPLOYMENT_TARGET = 16.0;
				LD_RUNPATH_SEARCH_PATHS = (
					"$(inherited)",
					"@executable_path/Frameworks",
				);
				MARKETING_VERSION = 1.0;
				PRODUCT_BUNDLE_IDENTIFIER = com.dontsnooze.SchematicViewer;
				PRODUCT_NAME = SchematicViewer;
				PROVISIONING_PROFILE_SPECIFIER = "";
				"PROVISIONING_PROFILE_SPECIFIER[sdk=iphoneos*]" = "match Development com.dontsnooze.SchematicViewer";
				SDKROOT = iphoneos;
				SWIFT_EMIT_LOC_STRINGS = YES;
				SWIFT_VERSION = 5.0;
				TARGETED_DEVICE_FAMILY = "1,2";
			};
			name = Debug;
		};
		9C74834B2B75E0CA00FAFD7C /* Release */ = {
			isa = XCBuildConfiguration;
			buildSettings = {
				ASSETCATALOG_COMPILER_APPICON_NAME = AppIcon;
				ASSETCATALOG_COMPILER_GLOBAL_ACCENT_COLOR_NAME = AccentColor;
				ASSETCATALOG_COMPILER_INCLUDE_ALL_APPICON_ASSETS = YES;
				"CODE_SIGN_IDENTITY[sdk=iphoneos*]" = "iPhone Distribution";
				CODE_SIGN_STYLE = Manual;
				CURRENT_PROJECT_VERSION = 17;
				DEVELOPMENT_TEAM = "";
				"DEVELOPMENT_TEAM[sdk=iphoneos*]" = 3BT7A38RRX;
				ENABLE_USER_SCRIPT_SANDBOXING = NO;
				GENERATE_INFOPLIST_FILE = YES;
				INFOPLIST_FILE = "SchematicViewer-iOS-Info.plist";
				INFOPLIST_KEY_CFBundleDisplayName = "Schematic Viewer";
				INFOPLIST_KEY_LSApplicationCategoryType = "public.app-category.utilities";
				INFOPLIST_KEY_UIApplicationSupportsIndirectInputEvents = YES;
				INFOPLIST_KEY_UILaunchStoryboardName = LaunchScreen.storyboard;
				INFOPLIST_KEY_UIMainStoryboardFile = Main;
				INFOPLIST_KEY_UIRequiresFullScreen = YES;
				INFOPLIST_KEY_UIStatusBarHidden = YES;
				INFOPLIST_KEY_UISupportedInterfaceOrientations = "UIInterfaceOrientationLandscapeLeft UIInterfaceOrientationLandscapeRight";
				IPHONEOS_DEPLOYMENT_TARGET = 16.0;
				LD_RUNPATH_SEARCH_PATHS = (
					"$(inherited)",
					"@executable_path/Frameworks",
				);
				MARKETING_VERSION = 1.0;
				PRODUCT_BUNDLE_IDENTIFIER = com.dontsnooze.SchematicViewer;
				PRODUCT_NAME = SchematicViewer;
				PROVISIONING_PROFILE_SPECIFIER = "";
				"PROVISIONING_PROFILE_SPECIFIER[sdk=iphoneos*]" = "match AppStore com.dontsnooze.SchematicViewer";
				SDKROOT = iphoneos;
				SWIFT_EMIT_LOC_STRINGS = YES;
				SWIFT_VERSION = 5.0;
				TARGETED_DEVICE_FAMILY = "1,2";
				VALIDATE_PRODUCT = YES;
			};
			name = Release;
		};
		9C74834D2B75E0CA00FAFD7C /* Debug */ = {
			isa = XCBuildConfiguration;
			buildSettings = {
				ASSETCATALOG_COMPILER_APPICON_NAME = "tvOS App Icon & Top Shelf Image";
				ASSETCATALOG_COMPILER_GLOBAL_ACCENT_COLOR_NAME = AccentColor;
				CODE_SIGN_STYLE = Automatic;
				CURRENT_PROJECT_VERSION = 1;
				DEVELOPMENT_TEAM = 3BT7A38RRX;
				GENERATE_INFOPLIST_FILE = YES;
				INFOPLIST_KEY_CFBundleDisplayName = "Schematic Viewer";
				INFOPLIST_KEY_LSApplicationCategoryType = "public.app-category.utilities";
				INFOPLIST_KEY_UILaunchStoryboardName = LaunchScreen;
				INFOPLIST_KEY_UIMainStoryboardFile = Main;
				INFOPLIST_KEY_UIUserInterfaceStyle = Automatic;
				LD_RUNPATH_SEARCH_PATHS = (
					"$(inherited)",
					"@executable_path/Frameworks",
				);
				MARKETING_VERSION = 1.0;
				PRODUCT_BUNDLE_IDENTIFIER = com.dontsnooze.SchematicViewer;
				PRODUCT_NAME = SchematicViewer;
				SDKROOT = appletvos;
				SWIFT_EMIT_LOC_STRINGS = YES;
				SWIFT_VERSION = 5.0;
				TARGETED_DEVICE_FAMILY = 3;
				TVOS_DEPLOYMENT_TARGET = 17.0;
			};
			name = Debug;
		};
		9C74834E2B75E0CA00FAFD7C /* Release */ = {
			isa = XCBuildConfiguration;
			buildSettings = {
				ASSETCATALOG_COMPILER_APPICON_NAME = "tvOS App Icon & Top Shelf Image";
				ASSETCATALOG_COMPILER_GLOBAL_ACCENT_COLOR_NAME = AccentColor;
				CODE_SIGN_STYLE = Automatic;
				CURRENT_PROJECT_VERSION = 1;
				DEVELOPMENT_TEAM = 3BT7A38RRX;
				GENERATE_INFOPLIST_FILE = YES;
				INFOPLIST_KEY_CFBundleDisplayName = "Schematic Viewer";
				INFOPLIST_KEY_LSApplicationCategoryType = "public.app-category.utilities";
				INFOPLIST_KEY_UILaunchStoryboardName = LaunchScreen;
				INFOPLIST_KEY_UIMainStoryboardFile = Main;
				INFOPLIST_KEY_UIUserInterfaceStyle = Automatic;
				LD_RUNPATH_SEARCH_PATHS = (
					"$(inherited)",
					"@executable_path/Frameworks",
				);
				MARKETING_VERSION = 1.0;
				PRODUCT_BUNDLE_IDENTIFIER = com.dontsnooze.SchematicViewer;
				PRODUCT_NAME = SchematicViewer;
				SDKROOT = appletvos;
				SWIFT_EMIT_LOC_STRINGS = YES;
				SWIFT_VERSION = 5.0;
				TARGETED_DEVICE_FAMILY = 3;
				TVOS_DEPLOYMENT_TARGET = 17.0;
				VALIDATE_PRODUCT = YES;
			};
			name = Release;
		};
		9C7483502B75E0CA00FAFD7C /* Debug */ = {
			isa = XCBuildConfiguration;
			buildSettings = {
				ASSETCATALOG_COMPILER_APPICON_NAME = AppIcon;
				ASSETCATALOG_COMPILER_GLOBAL_ACCENT_COLOR_NAME = AccentColor;
				CODE_SIGN_ENTITLEMENTS = "SchematicViewer macOS/SchematicViewer_macOS.entitlements";
				CODE_SIGN_STYLE = Automatic;
				COMBINE_HIDPI_IMAGES = YES;
				CURRENT_PROJECT_VERSION = 1;
				DEVELOPMENT_TEAM = 3BT7A38RRX;
				ENABLE_HARDENED_RUNTIME = YES;
				GENERATE_INFOPLIST_FILE = YES;
				INFOPLIST_KEY_CFBundleDisplayName = "Schematic Viewer";
				INFOPLIST_KEY_LSApplicationCategoryType = "public.app-category.utilities";
				INFOPLIST_KEY_NSHumanReadableCopyright = "";
				INFOPLIST_KEY_NSMainStoryboardFile = Main;
				INFOPLIST_KEY_NSPrincipalClass = NSApplication;
				LD_RUNPATH_SEARCH_PATHS = (
					"$(inherited)",
					"@executable_path/../Frameworks",
				);
				MACOSX_DEPLOYMENT_TARGET = 14.0;
				MARKETING_VERSION = 1.0;
				PRODUCT_BUNDLE_IDENTIFIER = com.dontsnooze.SchematicViewer;
				PRODUCT_NAME = SchematicViewer;
				SDKROOT = macosx;
				SWIFT_EMIT_LOC_STRINGS = YES;
				SWIFT_VERSION = 5.0;
			};
			name = Debug;
		};
		9C7483512B75E0CA00FAFD7C /* Release */ = {
			isa = XCBuildConfiguration;
			buildSettings = {
				ASSETCATALOG_COMPILER_APPICON_NAME = AppIcon;
				ASSETCATALOG_COMPILER_GLOBAL_ACCENT_COLOR_NAME = AccentColor;
				CODE_SIGN_ENTITLEMENTS = "SchematicViewer macOS/SchematicViewer_macOS.entitlements";
				CODE_SIGN_STYLE = Automatic;
				COMBINE_HIDPI_IMAGES = YES;
				CURRENT_PROJECT_VERSION = 1;
				DEVELOPMENT_TEAM = 3BT7A38RRX;
				ENABLE_HARDENED_RUNTIME = YES;
				GENERATE_INFOPLIST_FILE = YES;
				INFOPLIST_KEY_CFBundleDisplayName = "Schematic Viewer";
				INFOPLIST_KEY_LSApplicationCategoryType = "public.app-category.utilities";
				INFOPLIST_KEY_NSHumanReadableCopyright = "";
				INFOPLIST_KEY_NSMainStoryboardFile = Main;
				INFOPLIST_KEY_NSPrincipalClass = NSApplication;
				LD_RUNPATH_SEARCH_PATHS = (
					"$(inherited)",
					"@executable_path/../Frameworks",
				);
				MACOSX_DEPLOYMENT_TARGET = 14.0;
				MARKETING_VERSION = 1.0;
				PRODUCT_BUNDLE_IDENTIFIER = com.dontsnooze.SchematicViewer;
				PRODUCT_NAME = SchematicViewer;
				SDKROOT = macosx;
				SWIFT_EMIT_LOC_STRINGS = YES;
				SWIFT_VERSION = 5.0;
			};
			name = Release;
		};
/* End XCBuildConfiguration section */

/* Begin XCConfigurationList section */
		9C74830A2B75E0C700FAFD7C /* Build configuration list for PBXProject "SchematicViewer" */ = {
			isa = XCConfigurationList;
			buildConfigurations = (
				9C7483472B75E0CA00FAFD7C /* Debug */,
				9C7483482B75E0CA00FAFD7C /* Release */,
			);
			defaultConfigurationIsVisible = 0;
			defaultConfigurationName = Release;
		};
		9C7483492B75E0CA00FAFD7C /* Build configuration list for PBXNativeTarget "SchematicViewer iOS" */ = {
			isa = XCConfigurationList;
			buildConfigurations = (
				9C74834A2B75E0CA00FAFD7C /* Debug */,
				9C74834B2B75E0CA00FAFD7C /* Release */,
			);
			defaultConfigurationIsVisible = 0;
			defaultConfigurationName = Release;
		};
		9C74834C2B75E0CA00FAFD7C /* Build configuration list for PBXNativeTarget "SchematicViewer tvOS" */ = {
			isa = XCConfigurationList;
			buildConfigurations = (
				9C74834D2B75E0CA00FAFD7C /* Debug */,
				9C74834E2B75E0CA00FAFD7C /* Release */,
			);
			defaultConfigurationIsVisible = 0;
			defaultConfigurationName = Release;
		};
		9C74834F2B75E0CA00FAFD7C /* Build configuration list for PBXNativeTarget "SchematicViewer macOS" */ = {
			isa = XCConfigurationList;
			buildConfigurations = (
				9C7483502B75E0CA00FAFD7C /* Debug */,
				9C7483512B75E0CA00FAFD7C /* Release */,
			);
			defaultConfigurationIsVisible = 0;
			defaultConfigurationName = Release;
		};
/* End XCConfigurationList section */

/* Begin XCRemoteSwiftPackageReference section */
		9CC11CC32B94C3AD000C2D48 /* XCRemoteSwiftPackageReference "swift-nbt" */ = {
			isa = XCRemoteSwiftPackageReference;
			repositoryURL = "https://github.com/amostodman/swift-nbt";
			requirement = {
				branch = master;
				kind = branch;
			};
		};
/* End XCRemoteSwiftPackageReference section */

/* Begin XCSwiftPackageProductDependency section */
		9CED80492B7E79390033ADBF /* SwiftNBT */ = {
			isa = XCSwiftPackageProductDependency;
			productName = SwiftNBT;
		};
/* End XCSwiftPackageProductDependency section */
	};
	rootObject = 9C7483072B75E0C700FAFD7C /* Project object */;
}
